
Microsoft Visual Studio Solution File, Format Version 12.00
# Visual Studio 2013
VisualStudioVersion = 12.0.21005.1
MinimumVisualStudioVersion = 10.0.40219.1
Project("{FAE04EC0-301F-11D3-BF4B-00C04F79EFBC}") = "Task4 - Calculator", "Task4 - Calculator\Task4 - Calculator.csproj", "{404B987C-206B-4976-8CE7-F364F067F95F}"
EndProject
Project("{FAE04EC0-301F-11D3-BF4B-00C04F79EFBC}") = "Task3-NestedDivs", "Task3-NestedDivs\Task3-NestedDivs.csproj", "{D13E08D6-0448-4DB0-B301-7B9144BC79D7}"
EndProject
Project("{FAE04EC0-301F-11D3-BF4B-00C04F79EFBC}") = "Task2-FixTheSite", "Task2-FixTheSite\Task2-FixTheSite.csproj", "{D9D9061D-65F5-410F-BE81-F990834148E9}"
EndProject
Project("{FAE04EC0-301F-11D3-BF4B-00C04F79EFBC}") = "Task1-BlueSite", "Task1-BlueSite\Task1-BlueSite.csproj", "{B9E04718-26C2-4762-91BD-E0368309E7A5}"
EndProject
Global
	GlobalSection(SolutionConfigurationPlatforms) = preSolution
		Debug|Any CPU = Debug|Any CPU
		Release|Any CPU = Release|Any CPU
	EndGlobalSection
	GlobalSection(ProjectConfigurationPlatforms) = postSolution
		{404B987C-206B-4976-8CE7-F364F067F95F}.Debug|Any CPU.ActiveCfg = Debug|Any CPU
		{404B987C-206B-4976-8CE7-F364F067F95F}.Debug|Any CPU.Build.0 = Debug|Any CPU
		{404B987C-206B-4976-8CE7-F364F067F95F}.Release|Any CPU.ActiveCfg = Release|Any CPU
		{404B987C-206B-4976-8CE7-F364F067F95F}.Release|Any CPU.Build.0 = Release|Any CPU
		{D13E08D6-0448-4DB0-B301-7B9144BC79D7}.Debug|Any CPU.ActiveCfg = Debug|Any CPU
		{D13E08D6-0448-4DB0-B301-7B9144BC79D7}.Debug|Any CPU.Build.0 = Debug|Any CPU
		{D13E08D6-0448-4DB0-B301-7B9144BC79D7}.Release|Any CPU.ActiveCfg = Release|Any CPU
		{D13E08D6-0448-4DB0-B301-7B9144BC79D7}.Release|Any CPU.Build.0 = Release|Any CPU
		{D9D9061D-65F5-410F-BE81-F990834148E9}.Debug|Any CPU.ActiveCfg = Debug|Any CPU
		{D9D9061D-65F5-410F-BE81-F990834148E9}.Debug|Any CPU.Build.0 = Debug|Any CPU
		{D9D9061D-65F5-410F-BE81-F990834148E9}.Release|Any CPU.ActiveCfg = Release|Any CPU
		{D9D9061D-65F5-410F-BE81-F990834148E9}.Release|Any CPU.Build.0 = Release|Any CPU
		{B9E04718-26C2-4762-91BD-E0368309E7A5}.Debug|Any CPU.ActiveCfg = Debug|Any CPU
		{B9E04718-26C2-4762-91BD-E0368309E7A5}.Debug|Any CPU.Build.0 = Debug|Any CPU
		{B9E04718-26C2-4762-91BD-E0368309E7A5}.Release|Any CPU.ActiveCfg = Release|Any CPU
		{B9E04718-26C2-4762-91BD-E0368309E7A5}.Release|Any CPU.Build.0 = Release|Any CPU
	EndGlobalSection
	GlobalSection(SolutionProperties) = preSolution
		HideSolutionNode = FALSE
	EndGlobalSection
EndGlobal
