
Microsoft Visual Studio Solution File, Format Version 12.00
# Visual Studio 2013
VisualStudioVersion = 12.0.21005.1
MinimumVisualStudioVersion = 10.0.40219.1
Project("{FAE04EC0-301F-11D3-BF4B-00C04F79EFBC}") = "Zerg 14-09-2013", "Zerg\Zerg 14-09-2013.csproj", "{BBBCFE89-FCCF-4F89-B0AE-DEF788DE3466}"
EndProject
Project("{FAE04EC0-301F-11D3-BF4B-00C04F79EFBC}") = "MovingLetters 14-09-2013", "MovingLetters\MovingLetters 14-09-2013.csproj", "{431CA82B-E45E-4697-B5AB-04F583028FFD}"
EndProject
Project("{FAE04EC0-301F-11D3-BF4B-00C04F79EFBC}") = "MultiverseCommunication 14-09-2013", "MultiverseCommunication\MultiverseCommunication 14-09-2013.csproj", "{5893AE3B-8DB0-4A5E-BA15-B984AEA5B0A9}"
EndProject
Project("{FAE04EC0-301F-11D3-BF4B-00C04F79EFBC}") = "KaspichanNumbers 04-02-2013", "KaspichanNumbers\KaspichanNumbers 04-02-2013.csproj", "{C7D8F117-B977-46E3-95CC-E01CABA14933}"
EndProject
Project("{FAE04EC0-301F-11D3-BF4B-00C04F79EFBC}") = "Tubes 06-02-2012", "Tubes\Tubes 06-02-2012.csproj", "{D22EE626-9647-4CD1-961A-636E0693AFB5}"
EndProject
Project("{FAE04EC0-301F-11D3-BF4B-00C04F79EFBC}") = "Brackets DynamicOptimising 06-02-2012", "Brackets\Brackets DynamicOptimising 06-02-2012.csproj", "{F06E6C1D-E88A-4103-9D0B-6D8B438EA101}"
EndProject
Project("{FAE04EC0-301F-11D3-BF4B-00C04F79EFBC}") = "BasicBasic 08-02-2012", "BasicBasic\BasicBasic 08-02-2012.csproj", "{5C74F20E-613F-44DB-9C38-A4835B4BA018}"
EndProject
Project("{FAE04EC0-301F-11D3-BF4B-00C04F79EFBC}") = "MagicWords 14-09-2013", "MagicWords\MagicWords 14-09-2013.csproj", "{CCB17359-C6EF-4790-967F-F9D193AA957D}"
EndProject
Project("{FAE04EC0-301F-11D3-BF4B-00C04F79EFBC}") = "Crossword 08-02-2012", "Crossword\Crossword 08-02-2012.csproj", "{47B601EE-D9A9-49B4-94EF-2CD6AF2C0CC7}"
EndProject
Project("{FAE04EC0-301F-11D3-BF4B-00C04F79EFBC}") = "Indeces 08-02-2012", "Indeces\Indeces 08-02-2012.csproj", "{E7EA20B9-EDC4-4568-9B57-E8F1E72F27EC}"
EndProject
Project("{FAE04EC0-301F-11D3-BF4B-00C04F79EFBC}") = "TwoIsBetterThanOne 05-02-2013", "TwoIsBetterThanOne\TwoIsBetterThanOne 05-02-2013.csproj", "{E0C30F67-C7F6-45EB-85C4-094C458AB56C}"
EndProject
Project("{FAE04EC0-301F-11D3-BF4B-00C04F79EFBC}") = "MessageInABottle 07-02-2012", "MessageInABottle\MessageInABottle 07-02-2012.csproj", "{31266839-CBC4-41C6-9ABD-D56C1145B289}"
EndProject
Project("{FAE04EC0-301F-11D3-BF4B-00C04F79EFBC}") = "Cooking 75 07-02-2012", "Cooking\Cooking 75 07-02-2012.csproj", "{CDD06BDB-7776-41C3-9850-8D4610A6D863}"
EndProject
Project("{FAE04EC0-301F-11D3-BF4B-00C04F79EFBC}") = "BasicLanguage 07-02-2012", "BasicLanguage\BasicLanguage 07-02-2012.csproj", "{F961D412-9EA6-4C65-83B5-6BAF10AC3DBB}"
EndProject
Project("{FAE04EC0-301F-11D3-BF4B-00C04F79EFBC}") = "AcademyTasks 08-02-2012", "AcademyTasks\AcademyTasks 08-02-2012.csproj", "{F29DE39A-7E4D-448B-883A-90CAA5D09B5E}"
EndProject
Project("{FAE04EC0-301F-11D3-BF4B-00C04F79EFBC}") = "SecretLanguage DynamicOptimize 07-02-2012", "SecretLanguage\SecretLanguage DynamicOptimize 07-02-2012.csproj", "{B0D9FF71-DD2D-4FC0-9A26-F73AA159568A}"
EndProject
Project("{FAE04EC0-301F-11D3-BF4B-00C04F79EFBC}") = "PHPVariables 90 06-02-2012", "PHPVariables\PHPVariables 90 06-02-2012.csproj", "{103E8FA2-3FC4-431A-8912-1CF02F312E47}"
EndProject
Project("{FAE04EC0-301F-11D3-BF4B-00C04F79EFBC}") = "SevenSegmentDisplay 06-02-2012", "SevenSegmentDisplay\SevenSegmentDisplay 06-02-2012.csproj", "{F5F272EB-732D-48CD-AA83-84B90B56EA4D}"
EndProject
Project("{FAE04EC0-301F-11D3-BF4B-00C04F79EFBC}") = "GenomeDecoder 2011-2012 Test Exam", "GenomeDecoder 2011-2012 Test Exam\GenomeDecoder 2011-2012 Test Exam.csproj", "{11FDFC23-8A3A-4DD8-BDB6-25579B4CFB43}"
EndProject
Project("{FAE04EC0-301F-11D3-BF4B-00C04F79EFBC}") = "TicTacToe  2011-2012 Test Exam", "TicTacToe  2011-2012 Test Exam\TicTacToe  2011-2012 Test Exam.csproj", "{45466E6D-48EB-42CC-8C08-4964DA5B3E74}"
EndProject
Project("{FAE04EC0-301F-11D3-BF4B-00C04F79EFBC}") = "AirplaneDrinks 2011-2012 Test Exam STOLEN", "AirplaneDrinks 2011-2012 Test Exam\AirplaneDrinks 2011-2012 Test Exam STOLEN.csproj", "{6C1385C3-3095-40E9-9B1E-8190EAD121FF}"
EndProject
Project("{FAE04EC0-301F-11D3-BF4B-00C04F79EFBC}") = "Guitar 2011-2012 Test Exam Dynamic Optimize", "Guitar 2011-2012 Test Exam\Guitar 2011-2012 Test Exam Dynamic Optimize.csproj", "{BEB6202B-F5CC-44B5-B2C0-4E6C669DF842}"
EndProject
Project("{FAE04EC0-301F-11D3-BF4B-00C04F79EFBC}") = "Clean Code 2011-2012 Sample Exam 70", "Clean Code 2011-2012 Sample Exam\Clean Code 2011-2012 Sample Exam 70.csproj", "{BEDFD9CD-982A-40D7-8459-F758234C46CD}"
EndProject
Project("{FAE04EC0-301F-11D3-BF4B-00C04F79EFBC}") = "Sudoku 2011-2012 Sample Exam", "Sudoku 2011-2012 Sample Exam\Sudoku 2011-2012 Sample Exam.csproj", "{719FC4F2-8332-419C-8EC7-7CEC91D27188}"
EndProject
Project("{FAE04EC0-301F-11D3-BF4B-00C04F79EFBC}") = "Emplyees 2011-2012 Sample Exam", "Emplyees 2011-2012 Sample Exam\Emplyees 2011-2012 Sample Exam.csproj", "{38B20CC5-1133-4379-91F5-94123FF870A3}"
EndProject
Project("{FAE04EC0-301F-11D3-BF4B-00C04F79EFBC}") = "GreedyDwarf 04-02-2013", "GreedyDwarf 04-02-2013\GreedyDwarf 04-02-2013.csproj", "{FD07ACA5-42D2-44EC-987A-6747EDB33E78}"
EndProject
Project("{FAE04EC0-301F-11D3-BF4B-00C04F79EFBC}") = "ConsoleJustification 04-02-2013", "ConsoleJustification 04-02-2013\ConsoleJustification 04-02-2013.csproj", "{3A73D7EF-85EC-4B52-9BA8-E6161A8C6F5A}"
EndProject
Project("{FAE04EC0-301F-11D3-BF4B-00C04F79EFBC}") = "OneTaskIsNotEnough 04-02-2013", "OneTaskIsNotEnough 04-02-2013\OneTaskIsNotEnough 04-02-2013.csproj", "{D65F2289-F510-4307-BC89-C5083DF4BE64}"
EndProject
Project("{FAE04EC0-301F-11D3-BF4B-00C04F79EFBC}") = "DurankulakNumbers 05-02-2013", "DurankulakNumbers 05-02-2013\DurankulakNumbers 05-02-2013.csproj", "{2D181533-C24E-4636-8CAC-28C0A1288D3E}"
EndProject
Project("{FAE04EC0-301F-11D3-BF4B-00C04F79EFBC}") = "JoroTheRabbit 05-02-2013", "JoroTheRabbit 05-02-2013\JoroTheRabbit 05-02-2013.csproj", "{7526A495-B94F-4B92-A011-3ABE042550C6}"
EndProject
Project("{FAE04EC0-301F-11D3-BF4B-00C04F79EFBC}") = "CSharpBrackets 05-02-2013", "CSharpBrackets 05-02-2013\CSharpBrackets 05-02-2013.csproj", "{5DABBBCE-6928-4D52-BC3A-8FA7345D829D}"
EndProject
Project("{FAE04EC0-301F-11D3-BF4B-00C04F79EFBC}") = "9GagNumbers 11-02-2013", "9GagNumbers 11-02-2013\9GagNumbers 11-02-2013.csproj", "{77548FA7-612D-4FF6-BF7F-2D00AEF95B71}"
EndProject
Project("{FAE04EC0-301F-11D3-BF4B-00C04F79EFBC}") = "SpecialValue 11-02-2013", "SpecialValue 11-02-2013\SpecialValue 11-02-2013.csproj", "{C057229F-3CDE-4BB3-B02C-8AC042FD809B}"
EndProject
Project("{FAE04EC0-301F-11D3-BF4B-00C04F79EFBC}") = "KukataIsDancing 11-02-2013", "KukataIsDancing 11-02-2013\KukataIsDancing 11-02-2013.csproj", "{E0364E8A-6FBE-4023-87E0-22515BC9C88C}"
EndProject
Project("{FAE04EC0-301F-11D3-BF4B-00C04F79EFBC}") = "ThreeInOne 11-02-2013 70", "ThreeInOne 11-02-2013\ThreeInOne 11-02-2013 70.csproj", "{7E483EA8-E469-4415-A62F-D4F990B887DD}"
EndProject
Project("{FAE04EC0-301F-11D3-BF4B-00C04F79EFBC}") = "DecodeAndDecrypt 14-09-2013", "DecodeAndDecrypt 14-09-2013\DecodeAndDecrypt 14-09-2013.csproj", "{4879DCBA-2428-42F6-BF58-E9C62ECB6680}"
EndProject
Project("{FAE04EC0-301F-11D3-BF4B-00C04F79EFBC}") = "FeatGrisko 14-09-2013", "FeatGrisko 14-09-2013\FeatGrisko 14-09-2013.csproj", "{C5A162CC-D388-4425-8866-23DEC5C83D02}"
EndProject
Project("{FAE04EC0-301F-11D3-BF4B-00C04F79EFBC}") = "EncodeAndEncrypt 14-09-2013", "EncodeAndEncrypt 14-09-2013\EncodeAndEncrypt 14-09-2013.csproj", "{3ADB9052-EE97-4739-8D31-9E880BF76AA1}"
EndProject
Project("{FAE04EC0-301F-11D3-BF4B-00C04F79EFBC}") = "testing", "testing\testing.csproj", "{539AC792-156A-4745-A075-CA0651B7DFA3}"
EndProject
Project("{FAE04EC0-301F-11D3-BF4B-00C04F79EFBC}") = "TheyAreGreen 14-09-2013", "TheyAreGreen 14-09-2013\TheyAreGreen 14-09-2013.csproj", "{CC70BEFC-FC89-4A71-AFE8-59536E1134B2}"
EndProject
Project("{FAE04EC0-301F-11D3-BF4B-00C04F79EFBC}") = "Trails3D 14.09.2013 Evening NOT FINISHED", "Trails3D 14.09.2013 Evening\Trails3D 14.09.2013 Evening NOT FINISHED.csproj", "{19620463-9E3C-4835-AB6E-0495EDC9D781}"
EndProject
Global
	GlobalSection(SolutionConfigurationPlatforms) = preSolution
		Debug|Any CPU = Debug|Any CPU
		Release|Any CPU = Release|Any CPU
	EndGlobalSection
	GlobalSection(ProjectConfigurationPlatforms) = postSolution
		{BBBCFE89-FCCF-4F89-B0AE-DEF788DE3466}.Debug|Any CPU.ActiveCfg = Debug|Any CPU
		{BBBCFE89-FCCF-4F89-B0AE-DEF788DE3466}.Debug|Any CPU.Build.0 = Debug|Any CPU
		{BBBCFE89-FCCF-4F89-B0AE-DEF788DE3466}.Release|Any CPU.ActiveCfg = Release|Any CPU
		{BBBCFE89-FCCF-4F89-B0AE-DEF788DE3466}.Release|Any CPU.Build.0 = Release|Any CPU
		{431CA82B-E45E-4697-B5AB-04F583028FFD}.Debug|Any CPU.ActiveCfg = Debug|Any CPU
		{431CA82B-E45E-4697-B5AB-04F583028FFD}.Debug|Any CPU.Build.0 = Debug|Any CPU
		{431CA82B-E45E-4697-B5AB-04F583028FFD}.Release|Any CPU.ActiveCfg = Release|Any CPU
		{431CA82B-E45E-4697-B5AB-04F583028FFD}.Release|Any CPU.Build.0 = Release|Any CPU
		{5893AE3B-8DB0-4A5E-BA15-B984AEA5B0A9}.Debug|Any CPU.ActiveCfg = Debug|Any CPU
		{5893AE3B-8DB0-4A5E-BA15-B984AEA5B0A9}.Debug|Any CPU.Build.0 = Debug|Any CPU
		{5893AE3B-8DB0-4A5E-BA15-B984AEA5B0A9}.Release|Any CPU.ActiveCfg = Release|Any CPU
		{5893AE3B-8DB0-4A5E-BA15-B984AEA5B0A9}.Release|Any CPU.Build.0 = Release|Any CPU
		{C7D8F117-B977-46E3-95CC-E01CABA14933}.Debug|Any CPU.ActiveCfg = Debug|Any CPU
		{C7D8F117-B977-46E3-95CC-E01CABA14933}.Debug|Any CPU.Build.0 = Debug|Any CPU
		{C7D8F117-B977-46E3-95CC-E01CABA14933}.Release|Any CPU.ActiveCfg = Release|Any CPU
		{C7D8F117-B977-46E3-95CC-E01CABA14933}.Release|Any CPU.Build.0 = Release|Any CPU
		{D22EE626-9647-4CD1-961A-636E0693AFB5}.Debug|Any CPU.ActiveCfg = Debug|Any CPU
		{D22EE626-9647-4CD1-961A-636E0693AFB5}.Debug|Any CPU.Build.0 = Debug|Any CPU
		{D22EE626-9647-4CD1-961A-636E0693AFB5}.Release|Any CPU.ActiveCfg = Release|Any CPU
		{D22EE626-9647-4CD1-961A-636E0693AFB5}.Release|Any CPU.Build.0 = Release|Any CPU
		{F06E6C1D-E88A-4103-9D0B-6D8B438EA101}.Debug|Any CPU.ActiveCfg = Debug|Any CPU
		{F06E6C1D-E88A-4103-9D0B-6D8B438EA101}.Debug|Any CPU.Build.0 = Debug|Any CPU
		{F06E6C1D-E88A-4103-9D0B-6D8B438EA101}.Release|Any CPU.ActiveCfg = Release|Any CPU
		{F06E6C1D-E88A-4103-9D0B-6D8B438EA101}.Release|Any CPU.Build.0 = Release|Any CPU
		{5C74F20E-613F-44DB-9C38-A4835B4BA018}.Debug|Any CPU.ActiveCfg = Debug|Any CPU
		{5C74F20E-613F-44DB-9C38-A4835B4BA018}.Debug|Any CPU.Build.0 = Debug|Any CPU
		{5C74F20E-613F-44DB-9C38-A4835B4BA018}.Release|Any CPU.ActiveCfg = Release|Any CPU
		{5C74F20E-613F-44DB-9C38-A4835B4BA018}.Release|Any CPU.Build.0 = Release|Any CPU
		{CCB17359-C6EF-4790-967F-F9D193AA957D}.Debug|Any CPU.ActiveCfg = Debug|Any CPU
		{CCB17359-C6EF-4790-967F-F9D193AA957D}.Debug|Any CPU.Build.0 = Debug|Any CPU
		{CCB17359-C6EF-4790-967F-F9D193AA957D}.Release|Any CPU.ActiveCfg = Release|Any CPU
		{CCB17359-C6EF-4790-967F-F9D193AA957D}.Release|Any CPU.Build.0 = Release|Any CPU
		{47B601EE-D9A9-49B4-94EF-2CD6AF2C0CC7}.Debug|Any CPU.ActiveCfg = Debug|Any CPU
		{47B601EE-D9A9-49B4-94EF-2CD6AF2C0CC7}.Debug|Any CPU.Build.0 = Debug|Any CPU
		{47B601EE-D9A9-49B4-94EF-2CD6AF2C0CC7}.Release|Any CPU.ActiveCfg = Release|Any CPU
		{47B601EE-D9A9-49B4-94EF-2CD6AF2C0CC7}.Release|Any CPU.Build.0 = Release|Any CPU
		{E7EA20B9-EDC4-4568-9B57-E8F1E72F27EC}.Debug|Any CPU.ActiveCfg = Debug|Any CPU
		{E7EA20B9-EDC4-4568-9B57-E8F1E72F27EC}.Debug|Any CPU.Build.0 = Debug|Any CPU
		{E7EA20B9-EDC4-4568-9B57-E8F1E72F27EC}.Release|Any CPU.ActiveCfg = Release|Any CPU
		{E7EA20B9-EDC4-4568-9B57-E8F1E72F27EC}.Release|Any CPU.Build.0 = Release|Any CPU
		{E0C30F67-C7F6-45EB-85C4-094C458AB56C}.Debug|Any CPU.ActiveCfg = Debug|Any CPU
		{E0C30F67-C7F6-45EB-85C4-094C458AB56C}.Debug|Any CPU.Build.0 = Debug|Any CPU
		{E0C30F67-C7F6-45EB-85C4-094C458AB56C}.Release|Any CPU.ActiveCfg = Release|Any CPU
		{E0C30F67-C7F6-45EB-85C4-094C458AB56C}.Release|Any CPU.Build.0 = Release|Any CPU
		{31266839-CBC4-41C6-9ABD-D56C1145B289}.Debug|Any CPU.ActiveCfg = Debug|Any CPU
		{31266839-CBC4-41C6-9ABD-D56C1145B289}.Debug|Any CPU.Build.0 = Debug|Any CPU
		{31266839-CBC4-41C6-9ABD-D56C1145B289}.Release|Any CPU.ActiveCfg = Release|Any CPU
		{31266839-CBC4-41C6-9ABD-D56C1145B289}.Release|Any CPU.Build.0 = Release|Any CPU
		{CDD06BDB-7776-41C3-9850-8D4610A6D863}.Debug|Any CPU.ActiveCfg = Debug|Any CPU
		{CDD06BDB-7776-41C3-9850-8D4610A6D863}.Debug|Any CPU.Build.0 = Debug|Any CPU
		{CDD06BDB-7776-41C3-9850-8D4610A6D863}.Release|Any CPU.ActiveCfg = Release|Any CPU
		{CDD06BDB-7776-41C3-9850-8D4610A6D863}.Release|Any CPU.Build.0 = Release|Any CPU
		{F961D412-9EA6-4C65-83B5-6BAF10AC3DBB}.Debug|Any CPU.ActiveCfg = Debug|Any CPU
		{F961D412-9EA6-4C65-83B5-6BAF10AC3DBB}.Debug|Any CPU.Build.0 = Debug|Any CPU
		{F961D412-9EA6-4C65-83B5-6BAF10AC3DBB}.Release|Any CPU.ActiveCfg = Release|Any CPU
		{F961D412-9EA6-4C65-83B5-6BAF10AC3DBB}.Release|Any CPU.Build.0 = Release|Any CPU
		{F29DE39A-7E4D-448B-883A-90CAA5D09B5E}.Debug|Any CPU.ActiveCfg = Debug|Any CPU
		{F29DE39A-7E4D-448B-883A-90CAA5D09B5E}.Debug|Any CPU.Build.0 = Debug|Any CPU
		{F29DE39A-7E4D-448B-883A-90CAA5D09B5E}.Release|Any CPU.ActiveCfg = Release|Any CPU
		{F29DE39A-7E4D-448B-883A-90CAA5D09B5E}.Release|Any CPU.Build.0 = Release|Any CPU
		{B0D9FF71-DD2D-4FC0-9A26-F73AA159568A}.Debug|Any CPU.ActiveCfg = Debug|Any CPU
		{B0D9FF71-DD2D-4FC0-9A26-F73AA159568A}.Debug|Any CPU.Build.0 = Debug|Any CPU
		{B0D9FF71-DD2D-4FC0-9A26-F73AA159568A}.Release|Any CPU.ActiveCfg = Release|Any CPU
		{B0D9FF71-DD2D-4FC0-9A26-F73AA159568A}.Release|Any CPU.Build.0 = Release|Any CPU
		{103E8FA2-3FC4-431A-8912-1CF02F312E47}.Debug|Any CPU.ActiveCfg = Debug|Any CPU
		{103E8FA2-3FC4-431A-8912-1CF02F312E47}.Debug|Any CPU.Build.0 = Debug|Any CPU
		{103E8FA2-3FC4-431A-8912-1CF02F312E47}.Release|Any CPU.ActiveCfg = Release|Any CPU
		{103E8FA2-3FC4-431A-8912-1CF02F312E47}.Release|Any CPU.Build.0 = Release|Any CPU
		{F5F272EB-732D-48CD-AA83-84B90B56EA4D}.Debug|Any CPU.ActiveCfg = Debug|Any CPU
		{F5F272EB-732D-48CD-AA83-84B90B56EA4D}.Debug|Any CPU.Build.0 = Debug|Any CPU
		{F5F272EB-732D-48CD-AA83-84B90B56EA4D}.Release|Any CPU.ActiveCfg = Release|Any CPU
		{F5F272EB-732D-48CD-AA83-84B90B56EA4D}.Release|Any CPU.Build.0 = Release|Any CPU
		{11FDFC23-8A3A-4DD8-BDB6-25579B4CFB43}.Debug|Any CPU.ActiveCfg = Debug|Any CPU
		{11FDFC23-8A3A-4DD8-BDB6-25579B4CFB43}.Debug|Any CPU.Build.0 = Debug|Any CPU
		{11FDFC23-8A3A-4DD8-BDB6-25579B4CFB43}.Release|Any CPU.ActiveCfg = Release|Any CPU
		{11FDFC23-8A3A-4DD8-BDB6-25579B4CFB43}.Release|Any CPU.Build.0 = Release|Any CPU
		{45466E6D-48EB-42CC-8C08-4964DA5B3E74}.Debug|Any CPU.ActiveCfg = Debug|Any CPU
		{45466E6D-48EB-42CC-8C08-4964DA5B3E74}.Debug|Any CPU.Build.0 = Debug|Any CPU
		{45466E6D-48EB-42CC-8C08-4964DA5B3E74}.Release|Any CPU.ActiveCfg = Release|Any CPU
		{45466E6D-48EB-42CC-8C08-4964DA5B3E74}.Release|Any CPU.Build.0 = Release|Any CPU
		{6C1385C3-3095-40E9-9B1E-8190EAD121FF}.Debug|Any CPU.ActiveCfg = Debug|Any CPU
		{6C1385C3-3095-40E9-9B1E-8190EAD121FF}.Debug|Any CPU.Build.0 = Debug|Any CPU
		{6C1385C3-3095-40E9-9B1E-8190EAD121FF}.Release|Any CPU.ActiveCfg = Release|Any CPU
		{6C1385C3-3095-40E9-9B1E-8190EAD121FF}.Release|Any CPU.Build.0 = Release|Any CPU
		{BEB6202B-F5CC-44B5-B2C0-4E6C669DF842}.Debug|Any CPU.ActiveCfg = Debug|Any CPU
		{BEB6202B-F5CC-44B5-B2C0-4E6C669DF842}.Debug|Any CPU.Build.0 = Debug|Any CPU
		{BEB6202B-F5CC-44B5-B2C0-4E6C669DF842}.Release|Any CPU.ActiveCfg = Release|Any CPU
		{BEB6202B-F5CC-44B5-B2C0-4E6C669DF842}.Release|Any CPU.Build.0 = Release|Any CPU
		{BEDFD9CD-982A-40D7-8459-F758234C46CD}.Debug|Any CPU.ActiveCfg = Debug|Any CPU
		{BEDFD9CD-982A-40D7-8459-F758234C46CD}.Debug|Any CPU.Build.0 = Debug|Any CPU
		{BEDFD9CD-982A-40D7-8459-F758234C46CD}.Release|Any CPU.ActiveCfg = Release|Any CPU
		{BEDFD9CD-982A-40D7-8459-F758234C46CD}.Release|Any CPU.Build.0 = Release|Any CPU
		{719FC4F2-8332-419C-8EC7-7CEC91D27188}.Debug|Any CPU.ActiveCfg = Debug|Any CPU
		{719FC4F2-8332-419C-8EC7-7CEC91D27188}.Debug|Any CPU.Build.0 = Debug|Any CPU
		{719FC4F2-8332-419C-8EC7-7CEC91D27188}.Release|Any CPU.ActiveCfg = Release|Any CPU
		{719FC4F2-8332-419C-8EC7-7CEC91D27188}.Release|Any CPU.Build.0 = Release|Any CPU
		{38B20CC5-1133-4379-91F5-94123FF870A3}.Debug|Any CPU.ActiveCfg = Debug|Any CPU
		{38B20CC5-1133-4379-91F5-94123FF870A3}.Debug|Any CPU.Build.0 = Debug|Any CPU
		{38B20CC5-1133-4379-91F5-94123FF870A3}.Release|Any CPU.ActiveCfg = Release|Any CPU
		{38B20CC5-1133-4379-91F5-94123FF870A3}.Release|Any CPU.Build.0 = Release|Any CPU
		{FD07ACA5-42D2-44EC-987A-6747EDB33E78}.Debug|Any CPU.ActiveCfg = Debug|Any CPU
		{FD07ACA5-42D2-44EC-987A-6747EDB33E78}.Debug|Any CPU.Build.0 = Debug|Any CPU
		{FD07ACA5-42D2-44EC-987A-6747EDB33E78}.Release|Any CPU.ActiveCfg = Release|Any CPU
		{FD07ACA5-42D2-44EC-987A-6747EDB33E78}.Release|Any CPU.Build.0 = Release|Any CPU
		{3A73D7EF-85EC-4B52-9BA8-E6161A8C6F5A}.Debug|Any CPU.ActiveCfg = Debug|Any CPU
		{3A73D7EF-85EC-4B52-9BA8-E6161A8C6F5A}.Debug|Any CPU.Build.0 = Debug|Any CPU
		{3A73D7EF-85EC-4B52-9BA8-E6161A8C6F5A}.Release|Any CPU.ActiveCfg = Release|Any CPU
		{3A73D7EF-85EC-4B52-9BA8-E6161A8C6F5A}.Release|Any CPU.Build.0 = Release|Any CPU
		{D65F2289-F510-4307-BC89-C5083DF4BE64}.Debug|Any CPU.ActiveCfg = Debug|Any CPU
		{D65F2289-F510-4307-BC89-C5083DF4BE64}.Debug|Any CPU.Build.0 = Debug|Any CPU
		{D65F2289-F510-4307-BC89-C5083DF4BE64}.Release|Any CPU.ActiveCfg = Release|Any CPU
		{D65F2289-F510-4307-BC89-C5083DF4BE64}.Release|Any CPU.Build.0 = Release|Any CPU
		{2D181533-C24E-4636-8CAC-28C0A1288D3E}.Debug|Any CPU.ActiveCfg = Debug|Any CPU
		{2D181533-C24E-4636-8CAC-28C0A1288D3E}.Debug|Any CPU.Build.0 = Debug|Any CPU
		{2D181533-C24E-4636-8CAC-28C0A1288D3E}.Release|Any CPU.ActiveCfg = Release|Any CPU
		{2D181533-C24E-4636-8CAC-28C0A1288D3E}.Release|Any CPU.Build.0 = Release|Any CPU
		{7526A495-B94F-4B92-A011-3ABE042550C6}.Debug|Any CPU.ActiveCfg = Debug|Any CPU
		{7526A495-B94F-4B92-A011-3ABE042550C6}.Debug|Any CPU.Build.0 = Debug|Any CPU
		{7526A495-B94F-4B92-A011-3ABE042550C6}.Release|Any CPU.ActiveCfg = Release|Any CPU
		{7526A495-B94F-4B92-A011-3ABE042550C6}.Release|Any CPU.Build.0 = Release|Any CPU
		{5DABBBCE-6928-4D52-BC3A-8FA7345D829D}.Debug|Any CPU.ActiveCfg = Debug|Any CPU
		{5DABBBCE-6928-4D52-BC3A-8FA7345D829D}.Debug|Any CPU.Build.0 = Debug|Any CPU
		{5DABBBCE-6928-4D52-BC3A-8FA7345D829D}.Release|Any CPU.ActiveCfg = Release|Any CPU
		{5DABBBCE-6928-4D52-BC3A-8FA7345D829D}.Release|Any CPU.Build.0 = Release|Any CPU
		{77548FA7-612D-4FF6-BF7F-2D00AEF95B71}.Debug|Any CPU.ActiveCfg = Debug|Any CPU
		{77548FA7-612D-4FF6-BF7F-2D00AEF95B71}.Debug|Any CPU.Build.0 = Debug|Any CPU
		{77548FA7-612D-4FF6-BF7F-2D00AEF95B71}.Release|Any CPU.ActiveCfg = Release|Any CPU
		{77548FA7-612D-4FF6-BF7F-2D00AEF95B71}.Release|Any CPU.Build.0 = Release|Any CPU
		{C057229F-3CDE-4BB3-B02C-8AC042FD809B}.Debug|Any CPU.ActiveCfg = Debug|Any CPU
		{C057229F-3CDE-4BB3-B02C-8AC042FD809B}.Debug|Any CPU.Build.0 = Debug|Any CPU
		{C057229F-3CDE-4BB3-B02C-8AC042FD809B}.Release|Any CPU.ActiveCfg = Release|Any CPU
		{C057229F-3CDE-4BB3-B02C-8AC042FD809B}.Release|Any CPU.Build.0 = Release|Any CPU
		{E0364E8A-6FBE-4023-87E0-22515BC9C88C}.Debug|Any CPU.ActiveCfg = Debug|Any CPU
		{E0364E8A-6FBE-4023-87E0-22515BC9C88C}.Debug|Any CPU.Build.0 = Debug|Any CPU
		{E0364E8A-6FBE-4023-87E0-22515BC9C88C}.Release|Any CPU.ActiveCfg = Release|Any CPU
		{E0364E8A-6FBE-4023-87E0-22515BC9C88C}.Release|Any CPU.Build.0 = Release|Any CPU
		{7E483EA8-E469-4415-A62F-D4F990B887DD}.Debug|Any CPU.ActiveCfg = Debug|Any CPU
		{7E483EA8-E469-4415-A62F-D4F990B887DD}.Debug|Any CPU.Build.0 = Debug|Any CPU
		{7E483EA8-E469-4415-A62F-D4F990B887DD}.Release|Any CPU.ActiveCfg = Release|Any CPU
		{7E483EA8-E469-4415-A62F-D4F990B887DD}.Release|Any CPU.Build.0 = Release|Any CPU
		{4879DCBA-2428-42F6-BF58-E9C62ECB6680}.Debug|Any CPU.ActiveCfg = Debug|Any CPU
		{4879DCBA-2428-42F6-BF58-E9C62ECB6680}.Debug|Any CPU.Build.0 = Debug|Any CPU
		{4879DCBA-2428-42F6-BF58-E9C62ECB6680}.Release|Any CPU.ActiveCfg = Release|Any CPU
		{4879DCBA-2428-42F6-BF58-E9C62ECB6680}.Release|Any CPU.Build.0 = Release|Any CPU
		{C5A162CC-D388-4425-8866-23DEC5C83D02}.Debug|Any CPU.ActiveCfg = Debug|Any CPU
		{C5A162CC-D388-4425-8866-23DEC5C83D02}.Debug|Any CPU.Build.0 = Debug|Any CPU
		{C5A162CC-D388-4425-8866-23DEC5C83D02}.Release|Any CPU.ActiveCfg = Release|Any CPU
		{C5A162CC-D388-4425-8866-23DEC5C83D02}.Release|Any CPU.Build.0 = Release|Any CPU
		{3ADB9052-EE97-4739-8D31-9E880BF76AA1}.Debug|Any CPU.ActiveCfg = Debug|Any CPU
		{3ADB9052-EE97-4739-8D31-9E880BF76AA1}.Debug|Any CPU.Build.0 = Debug|Any CPU
		{3ADB9052-EE97-4739-8D31-9E880BF76AA1}.Release|Any CPU.ActiveCfg = Release|Any CPU
		{3ADB9052-EE97-4739-8D31-9E880BF76AA1}.Release|Any CPU.Build.0 = Release|Any CPU
		{539AC792-156A-4745-A075-CA0651B7DFA3}.Debug|Any CPU.ActiveCfg = Debug|Any CPU
		{539AC792-156A-4745-A075-CA0651B7DFA3}.Debug|Any CPU.Build.0 = Debug|Any CPU
		{539AC792-156A-4745-A075-CA0651B7DFA3}.Release|Any CPU.ActiveCfg = Release|Any CPU
		{539AC792-156A-4745-A075-CA0651B7DFA3}.Release|Any CPU.Build.0 = Release|Any CPU
		{CC70BEFC-FC89-4A71-AFE8-59536E1134B2}.Debug|Any CPU.ActiveCfg = Debug|Any CPU
		{CC70BEFC-FC89-4A71-AFE8-59536E1134B2}.Debug|Any CPU.Build.0 = Debug|Any CPU
		{CC70BEFC-FC89-4A71-AFE8-59536E1134B2}.Release|Any CPU.ActiveCfg = Release|Any CPU
		{CC70BEFC-FC89-4A71-AFE8-59536E1134B2}.Release|Any CPU.Build.0 = Release|Any CPU
		{19620463-9E3C-4835-AB6E-0495EDC9D781}.Debug|Any CPU.ActiveCfg = Debug|Any CPU
		{19620463-9E3C-4835-AB6E-0495EDC9D781}.Debug|Any CPU.Build.0 = Debug|Any CPU
		{19620463-9E3C-4835-AB6E-0495EDC9D781}.Release|Any CPU.ActiveCfg = Release|Any CPU
		{19620463-9E3C-4835-AB6E-0495EDC9D781}.Release|Any CPU.Build.0 = Release|Any CPU
	EndGlobalSection
	GlobalSection(SolutionProperties) = preSolution
		HideSolutionNode = FALSE
	EndGlobalSection
EndGlobal
