
Microsoft Visual Studio Solution File, Format Version 12.00
# Visual Studio 2013
VisualStudioVersion = 12.0.21005.1
MinimumVisualStudioVersion = 10.0.40219.1
Project("{FAE04EC0-301F-11D3-BF4B-00C04F79EFBC}") = "01-03. Student", "01-03. Student\01-03. Student.csproj", "{50AEA571-12D5-43B7-B8D5-648074000B0C}"
EndProject
Project("{FAE04EC0-301F-11D3-BF4B-00C04F79EFBC}") = "04. Person", "04. Person\04. Person.csproj", "{2155D7C3-F0FD-40CE-A1C0-50ECCE789312}"
EndProject
Project("{FAE04EC0-301F-11D3-BF4B-00C04F79EFBC}") = "05. BitArray64", "05. BitArray64\05. BitArray64.csproj", "{4F6A118B-E900-4B6B-8A2C-1404BEC6BD90}"
EndProject
Global
	GlobalSection(SolutionConfigurationPlatforms) = preSolution
		Debug|Any CPU = Debug|Any CPU
		Release|Any CPU = Release|Any CPU
	EndGlobalSection
	GlobalSection(ProjectConfigurationPlatforms) = postSolution
		{50AEA571-12D5-43B7-B8D5-648074000B0C}.Debug|Any CPU.ActiveCfg = Debug|Any CPU
		{50AEA571-12D5-43B7-B8D5-648074000B0C}.Debug|Any CPU.Build.0 = Debug|Any CPU
		{50AEA571-12D5-43B7-B8D5-648074000B0C}.Release|Any CPU.ActiveCfg = Release|Any CPU
		{50AEA571-12D5-43B7-B8D5-648074000B0C}.Release|Any CPU.Build.0 = Release|Any CPU
		{2155D7C3-F0FD-40CE-A1C0-50ECCE789312}.Debug|Any CPU.ActiveCfg = Debug|Any CPU
		{2155D7C3-F0FD-40CE-A1C0-50ECCE789312}.Debug|Any CPU.Build.0 = Debug|Any CPU
		{2155D7C3-F0FD-40CE-A1C0-50ECCE789312}.Release|Any CPU.ActiveCfg = Release|Any CPU
		{2155D7C3-F0FD-40CE-A1C0-50ECCE789312}.Release|Any CPU.Build.0 = Release|Any CPU
		{4F6A118B-E900-4B6B-8A2C-1404BEC6BD90}.Debug|Any CPU.ActiveCfg = Debug|Any CPU
		{4F6A118B-E900-4B6B-8A2C-1404BEC6BD90}.Debug|Any CPU.Build.0 = Debug|Any CPU
		{4F6A118B-E900-4B6B-8A2C-1404BEC6BD90}.Release|Any CPU.ActiveCfg = Release|Any CPU
		{4F6A118B-E900-4B6B-8A2C-1404BEC6BD90}.Release|Any CPU.Build.0 = Release|Any CPU
	EndGlobalSection
	GlobalSection(SolutionProperties) = preSolution
		HideSolutionNode = FALSE
	EndGlobalSection
EndGlobal
