
Microsoft Visual Studio Solution File, Format Version 12.00
# Visual Studio 2012
Project("{FAE04EC0-301F-11D3-BF4B-00C04F79EFBC}") = "UKFlag", "exams\UKFlag.csproj", "{2F216C7B-1189-4909-945F-0A2819B2D08B}"
EndProject
Project("{FAE04EC0-301F-11D3-BF4B-00C04F79EFBC}") = "Tower", "Tower\Tower.csproj", "{49D392E9-F5A8-41F3-B1FA-8A2B162D50EA}"
EndProject
Project("{FAE04EC0-301F-11D3-BF4B-00C04F79EFBC}") = "Drink", "Drink\Drink.csproj", "{7DF51F50-73CD-4FD1-A6F8-EA5C96C61E61}"
EndProject
Project("{FAE04EC0-301F-11D3-BF4B-00C04F79EFBC}") = "Poker", "Poker\Poker.csproj", "{4A8F881A-BC3A-4E44-86A2-F6E7F36F228A}"
EndProject
Project("{FAE04EC0-301F-11D3-BF4B-00C04F79EFBC}") = "TripleRotationNumber", "TripleRotationNumber\TripleRotationNumber.csproj", "{08A831DB-1B57-4CA6-9F23-C406E94D6DDE}"
EndProject
Project("{FAE04EC0-301F-11D3-BF4B-00C04F79EFBC}") = "Quibonachi", "Quibonachi\Quibonachi.csproj", "{FBD4AD86-B8C7-47DD-8604-E8B77175B98D}"
EndProject
Project("{FAE04EC0-301F-11D3-BF4B-00C04F79EFBC}") = "UpDownGame", "UpDownGame\UpDownGame.csproj", "{88F68E81-AE29-494B-8C35-6C02390197E0}"
EndProject
Project("{FAE04EC0-301F-11D3-BF4B-00C04F79EFBC}") = "coffee", "..\trash\coffee\coffee\coffee.csproj", "{CAC3F39A-739D-4F5D-B022-C10653D8EF53}"
EndProject
Project("{FAE04EC0-301F-11D3-BF4B-00C04F79EFBC}") = "Coffee2", "Coffee2\Coffee2.csproj", "{3FDC5A58-17C2-48CA-95EC-AA2AC0982F66}"
EndProject
Project("{FAE04EC0-301F-11D3-BF4B-00C04F79EFBC}") = "testing2", "testing2\testing2.csproj", "{27CC0D36-838F-4EB7-90C5-60B00CED7B1C}"
EndProject
Project("{FAE04EC0-301F-11D3-BF4B-00C04F79EFBC}") = "BullsAndCows", "BullsAndCows\BullsAndCows.csproj", "{CACA4CD1-BF8B-46E4-8F67-AC89D8366941}"
EndProject
Project("{FAE04EC0-301F-11D3-BF4B-00C04F79EFBC}") = "Neurons", "Neurons\Neurons.csproj", "{121E1519-60A1-4B31-99E2-4ECE823A9266}"
EndProject
Project("{FAE04EC0-301F-11D3-BF4B-00C04F79EFBC}") = "2. BinaryToDec", "..\C2-4-Numeral-Systems-Homework\2. BinaryToDec\2. BinaryToDec.csproj", "{37EF3BED-C98C-495C-BAB6-97D09450C04C}"
EndProject
Project("{FAE04EC0-301F-11D3-BF4B-00C04F79EFBC}") = "CardWars", "CardWars\CardWars.csproj", "{1B21335F-D830-4151-A6ED-12DCC292B0DD}"
EndProject
Project("{FAE04EC0-301F-11D3-BF4B-00C04F79EFBC}") = "coordsystem", "coordsystem\coordsystem.csproj", "{8282294F-AB57-4457-B1B0-EC3E096EAFDB}"
EndProject
Project("{FAE04EC0-301F-11D3-BF4B-00C04F79EFBC}") = "missCat", "missCat\missCat.csproj", "{A04929EB-6E35-4702-8353-F73D18B199D1}"
EndProject
Project("{FAE04EC0-301F-11D3-BF4B-00C04F79EFBC}") = "geekomap", "geekomap\geekomap.csproj", "{768EB2D0-74E3-408F-8B7D-C57B6448E03B}"
EndProject
Project("{FAE04EC0-301F-11D3-BF4B-00C04F79EFBC}") = "BinaryDigitsCount", "BinaryDigitsCount\BinaryDigitsCount.csproj", "{90CB8545-43A7-429F-B863-73A90C9840D5}"
EndProject
Project("{FAE04EC0-301F-11D3-BF4B-00C04F79EFBC}") = "MathExpression", "MathExpression\MathExpression.csproj", "{556427A2-1520-4EF4-A42E-1B4945C9E145}"
EndProject
Project("{FAE04EC0-301F-11D3-BF4B-00C04F79EFBC}") = "LeastMajorityMultiple", "LeastMajorityMultiple\LeastMajorityMultiple.csproj", "{F7608B39-36A2-4837-A19C-4EA8FDF7EEBC}"
EndProject
Project("{FAE04EC0-301F-11D3-BF4B-00C04F79EFBC}") = "Trapezoid", "Trapezoid\Trapezoid.csproj", "{8AB85F26-945E-43C2-A748-08E514582F6D}"
EndProject
Project("{FAE04EC0-301F-11D3-BF4B-00C04F79EFBC}") = "Odd Number", "Odd Number\Odd Number.csproj", "{1B946AE3-0354-4F1E-BC31-098FFD69D147}"
EndProject
Project("{FAE04EC0-301F-11D3-BF4B-00C04F79EFBC}") = "falldown", "falldown\falldown.csproj", "{567B8EF0-34DF-4BE1-BC00-E38659F4926F}"
EndProject
Project("{FAE04EC0-301F-11D3-BF4B-00C04F79EFBC}") = "NoInstructions", "NoInstructions\NoInstructions.csproj", "{8BA8EA65-2E1C-4DDA-A72F-91EC5081A8EF}"
EndProject
Project("{FAE04EC0-301F-11D3-BF4B-00C04F79EFBC}") = "Carpets", "Carpets\Carpets.csproj", "{5B1640EF-27A6-4B2C-82FE-6C5A7288D526}"
EndProject
Project("{FAE04EC0-301F-11D3-BF4B-00C04F79EFBC}") = "BitBall", "BitBall\BitBall.csproj", "{FD471915-CDCB-4246-8454-7FE974805A2E}"
EndProject
Project("{FAE04EC0-301F-11D3-BF4B-00C04F79EFBC}") = "TelerikLogo", "TelerikLogo\TelerikLogo.csproj", "{48A45C81-4D1D-45C5-AB1A-639279B9C0D7}"
EndProject
Project("{FAE04EC0-301F-11D3-BF4B-00C04F79EFBC}") = "ShipDMG", "ShipDMG\ShipDMG.csproj", "{396A6F53-0169-4EA0-B4AF-B425A4E4E4E1}"
EndProject
Project("{FAE04EC0-301F-11D3-BF4B-00C04F79EFBC}") = "AngryBits", "AngryBits\AngryBits.csproj", "{6A7A794D-A1B6-4AE8-B030-15AA389E0D42}"
EndProject
Project("{FAE04EC0-301F-11D3-BF4B-00C04F79EFBC}") = "BittrisLast", "BittrisLast\BittrisLast.csproj", "{16298783-DA7D-4EC7-A2C4-AA771D1576D2}"
EndProject
Project("{FAE04EC0-301F-11D3-BF4B-00C04F79EFBC}") = "Tree", "Tree\Tree.csproj", "{B8E2EB2B-0633-41EB-A53E-B4CE293A04E8}"
EndProject
Project("{FAE04EC0-301F-11D3-BF4B-00C04F79EFBC}") = "WeAllLoveBits", "WeAllLoveBits\WeAllLoveBits.csproj", "{3701337D-556F-4582-B711-2B05B6024F4F}"
EndProject
Project("{FAE04EC0-301F-11D3-BF4B-00C04F79EFBC}") = "Pillars", "Pillars\Pillars.csproj", "{BC9A7F83-3B0E-4B39-AE20-745474C55EDA}"
EndProject
Project("{FAE04EC0-301F-11D3-BF4B-00C04F79EFBC}") = "FormulaBit1", "FormulaBit1\FormulaBit1.csproj", "{DC1BA9C4-E860-47BE-9FCF-4BE108691997}"
EndProject
Project("{FAE04EC0-301F-11D3-BF4B-00C04F79EFBC}") = "Sheets", "Sheets\Sheets.csproj", "{C6C7ECCE-B2F2-4FF9-81DC-287B40CE4B11}"
EndProject
Project("{FAE04EC0-301F-11D3-BF4B-00C04F79EFBC}") = "TribunachiTriangle", "TribunachiTriangle\TribunachiTriangle.csproj", "{AE84D56F-46C6-47DD-84F6-EC0706220883}"
EndProject
Project("{FAE04EC0-301F-11D3-BF4B-00C04F79EFBC}") = "NextDay", "NextDay\NextDay.csproj", "{4561B385-DAC5-485F-BDD4-A75B93B16007}"
EndProject
Project("{FAE04EC0-301F-11D3-BF4B-00C04F79EFBC}") = "ExcelCol", "ExcelCol\ExcelCol.csproj", "{D96975E6-7D80-47D5-9FFF-81A7947D307A}"
EndProject
Project("{FAE04EC0-301F-11D3-BF4B-00C04F79EFBC}") = "Anachi", "Anachi\Anachi.csproj", "{FA6EBB5E-9EDD-4273-9C95-211C794C6C3F}"
EndProject
Project("{FAE04EC0-301F-11D3-BF4B-00C04F79EFBC}") = "SevenLand", "SevenLand\SevenLand.csproj", "{3CC48272-5335-4126-9565-A2138F4F20D3}"
EndProject
Project("{FAE04EC0-301F-11D3-BF4B-00C04F79EFBC}") = "FighterAttack", "FighterAttack\FighterAttack.csproj", "{288E2B6C-DFAB-4F3C-BADF-34B169ED5076}"
EndProject
Project("{FAE04EC0-301F-11D3-BF4B-00C04F79EFBC}") = "AstroDigits", "AstroDigits\AstroDigits.csproj", "{412C2F1F-8B20-4F70-BD71-8E2B917CAEA7}"
EndProject
Project("{FAE04EC0-301F-11D3-BF4B-00C04F79EFBC}") = "SandGlass", "SandGlass\SandGlass.csproj", "{2499E388-3EFF-4820-9CA1-8E41A7A59EBA}"
EndProject
Project("{FAE04EC0-301F-11D3-BF4B-00C04F79EFBC}") = "DancingBits", "DancingBits\DancingBits.csproj", "{D7A997B2-30FA-42D2-B0B6-7391B40F9228}"
EndProject
Project("{FAE04EC0-301F-11D3-BF4B-00C04F79EFBC}") = "Lines", "Lines\Lines.csproj", "{F0065A85-CA7F-4495-A93D-DFA402D094B4}"
EndProject
Project("{FAE04EC0-301F-11D3-BF4B-00C04F79EFBC}") = "Neurons2", "Neurons2\Neurons2.csproj", "{71BC698B-5C8A-4629-9C89-440BE7DDCA8C}"
EndProject
Global
	GlobalSection(SolutionConfigurationPlatforms) = preSolution
		Debug|Any CPU = Debug|Any CPU
		Release|Any CPU = Release|Any CPU
	EndGlobalSection
	GlobalSection(ProjectConfigurationPlatforms) = postSolution
		{2F216C7B-1189-4909-945F-0A2819B2D08B}.Debug|Any CPU.ActiveCfg = Debug|Any CPU
		{2F216C7B-1189-4909-945F-0A2819B2D08B}.Debug|Any CPU.Build.0 = Debug|Any CPU
		{2F216C7B-1189-4909-945F-0A2819B2D08B}.Release|Any CPU.ActiveCfg = Release|Any CPU
		{2F216C7B-1189-4909-945F-0A2819B2D08B}.Release|Any CPU.Build.0 = Release|Any CPU
		{49D392E9-F5A8-41F3-B1FA-8A2B162D50EA}.Debug|Any CPU.ActiveCfg = Debug|Any CPU
		{49D392E9-F5A8-41F3-B1FA-8A2B162D50EA}.Debug|Any CPU.Build.0 = Debug|Any CPU
		{49D392E9-F5A8-41F3-B1FA-8A2B162D50EA}.Release|Any CPU.ActiveCfg = Release|Any CPU
		{49D392E9-F5A8-41F3-B1FA-8A2B162D50EA}.Release|Any CPU.Build.0 = Release|Any CPU
		{7DF51F50-73CD-4FD1-A6F8-EA5C96C61E61}.Debug|Any CPU.ActiveCfg = Debug|Any CPU
		{7DF51F50-73CD-4FD1-A6F8-EA5C96C61E61}.Debug|Any CPU.Build.0 = Debug|Any CPU
		{7DF51F50-73CD-4FD1-A6F8-EA5C96C61E61}.Release|Any CPU.ActiveCfg = Release|Any CPU
		{7DF51F50-73CD-4FD1-A6F8-EA5C96C61E61}.Release|Any CPU.Build.0 = Release|Any CPU
		{4A8F881A-BC3A-4E44-86A2-F6E7F36F228A}.Debug|Any CPU.ActiveCfg = Debug|Any CPU
		{4A8F881A-BC3A-4E44-86A2-F6E7F36F228A}.Debug|Any CPU.Build.0 = Debug|Any CPU
		{4A8F881A-BC3A-4E44-86A2-F6E7F36F228A}.Release|Any CPU.ActiveCfg = Release|Any CPU
		{4A8F881A-BC3A-4E44-86A2-F6E7F36F228A}.Release|Any CPU.Build.0 = Release|Any CPU
		{08A831DB-1B57-4CA6-9F23-C406E94D6DDE}.Debug|Any CPU.ActiveCfg = Debug|Any CPU
		{08A831DB-1B57-4CA6-9F23-C406E94D6DDE}.Debug|Any CPU.Build.0 = Debug|Any CPU
		{08A831DB-1B57-4CA6-9F23-C406E94D6DDE}.Release|Any CPU.ActiveCfg = Release|Any CPU
		{08A831DB-1B57-4CA6-9F23-C406E94D6DDE}.Release|Any CPU.Build.0 = Release|Any CPU
		{FBD4AD86-B8C7-47DD-8604-E8B77175B98D}.Debug|Any CPU.ActiveCfg = Debug|Any CPU
		{FBD4AD86-B8C7-47DD-8604-E8B77175B98D}.Debug|Any CPU.Build.0 = Debug|Any CPU
		{FBD4AD86-B8C7-47DD-8604-E8B77175B98D}.Release|Any CPU.ActiveCfg = Release|Any CPU
		{FBD4AD86-B8C7-47DD-8604-E8B77175B98D}.Release|Any CPU.Build.0 = Release|Any CPU
		{88F68E81-AE29-494B-8C35-6C02390197E0}.Debug|Any CPU.ActiveCfg = Debug|Any CPU
		{88F68E81-AE29-494B-8C35-6C02390197E0}.Debug|Any CPU.Build.0 = Debug|Any CPU
		{88F68E81-AE29-494B-8C35-6C02390197E0}.Release|Any CPU.ActiveCfg = Release|Any CPU
		{88F68E81-AE29-494B-8C35-6C02390197E0}.Release|Any CPU.Build.0 = Release|Any CPU
		{CAC3F39A-739D-4F5D-B022-C10653D8EF53}.Debug|Any CPU.ActiveCfg = Debug|Any CPU
		{CAC3F39A-739D-4F5D-B022-C10653D8EF53}.Debug|Any CPU.Build.0 = Debug|Any CPU
		{CAC3F39A-739D-4F5D-B022-C10653D8EF53}.Release|Any CPU.ActiveCfg = Release|Any CPU
		{CAC3F39A-739D-4F5D-B022-C10653D8EF53}.Release|Any CPU.Build.0 = Release|Any CPU
		{3FDC5A58-17C2-48CA-95EC-AA2AC0982F66}.Debug|Any CPU.ActiveCfg = Debug|Any CPU
		{3FDC5A58-17C2-48CA-95EC-AA2AC0982F66}.Debug|Any CPU.Build.0 = Debug|Any CPU
		{3FDC5A58-17C2-48CA-95EC-AA2AC0982F66}.Release|Any CPU.ActiveCfg = Release|Any CPU
		{3FDC5A58-17C2-48CA-95EC-AA2AC0982F66}.Release|Any CPU.Build.0 = Release|Any CPU
		{27CC0D36-838F-4EB7-90C5-60B00CED7B1C}.Debug|Any CPU.ActiveCfg = Debug|Any CPU
		{27CC0D36-838F-4EB7-90C5-60B00CED7B1C}.Debug|Any CPU.Build.0 = Debug|Any CPU
		{27CC0D36-838F-4EB7-90C5-60B00CED7B1C}.Release|Any CPU.ActiveCfg = Release|Any CPU
		{27CC0D36-838F-4EB7-90C5-60B00CED7B1C}.Release|Any CPU.Build.0 = Release|Any CPU
		{CACA4CD1-BF8B-46E4-8F67-AC89D8366941}.Debug|Any CPU.ActiveCfg = Debug|Any CPU
		{CACA4CD1-BF8B-46E4-8F67-AC89D8366941}.Debug|Any CPU.Build.0 = Debug|Any CPU
		{CACA4CD1-BF8B-46E4-8F67-AC89D8366941}.Release|Any CPU.ActiveCfg = Release|Any CPU
		{CACA4CD1-BF8B-46E4-8F67-AC89D8366941}.Release|Any CPU.Build.0 = Release|Any CPU
		{121E1519-60A1-4B31-99E2-4ECE823A9266}.Debug|Any CPU.ActiveCfg = Debug|Any CPU
		{121E1519-60A1-4B31-99E2-4ECE823A9266}.Debug|Any CPU.Build.0 = Debug|Any CPU
		{121E1519-60A1-4B31-99E2-4ECE823A9266}.Release|Any CPU.ActiveCfg = Release|Any CPU
		{121E1519-60A1-4B31-99E2-4ECE823A9266}.Release|Any CPU.Build.0 = Release|Any CPU
		{37EF3BED-C98C-495C-BAB6-97D09450C04C}.Debug|Any CPU.ActiveCfg = Debug|Any CPU
		{37EF3BED-C98C-495C-BAB6-97D09450C04C}.Debug|Any CPU.Build.0 = Debug|Any CPU
		{37EF3BED-C98C-495C-BAB6-97D09450C04C}.Release|Any CPU.ActiveCfg = Release|Any CPU
		{37EF3BED-C98C-495C-BAB6-97D09450C04C}.Release|Any CPU.Build.0 = Release|Any CPU
		{1B21335F-D830-4151-A6ED-12DCC292B0DD}.Debug|Any CPU.ActiveCfg = Debug|Any CPU
		{1B21335F-D830-4151-A6ED-12DCC292B0DD}.Debug|Any CPU.Build.0 = Debug|Any CPU
		{1B21335F-D830-4151-A6ED-12DCC292B0DD}.Release|Any CPU.ActiveCfg = Release|Any CPU
		{1B21335F-D830-4151-A6ED-12DCC292B0DD}.Release|Any CPU.Build.0 = Release|Any CPU
		{8282294F-AB57-4457-B1B0-EC3E096EAFDB}.Debug|Any CPU.ActiveCfg = Debug|Any CPU
		{8282294F-AB57-4457-B1B0-EC3E096EAFDB}.Debug|Any CPU.Build.0 = Debug|Any CPU
		{8282294F-AB57-4457-B1B0-EC3E096EAFDB}.Release|Any CPU.ActiveCfg = Release|Any CPU
		{8282294F-AB57-4457-B1B0-EC3E096EAFDB}.Release|Any CPU.Build.0 = Release|Any CPU
		{A04929EB-6E35-4702-8353-F73D18B199D1}.Debug|Any CPU.ActiveCfg = Debug|Any CPU
		{A04929EB-6E35-4702-8353-F73D18B199D1}.Debug|Any CPU.Build.0 = Debug|Any CPU
		{A04929EB-6E35-4702-8353-F73D18B199D1}.Release|Any CPU.ActiveCfg = Release|Any CPU
		{A04929EB-6E35-4702-8353-F73D18B199D1}.Release|Any CPU.Build.0 = Release|Any CPU
		{768EB2D0-74E3-408F-8B7D-C57B6448E03B}.Debug|Any CPU.ActiveCfg = Debug|Any CPU
		{768EB2D0-74E3-408F-8B7D-C57B6448E03B}.Debug|Any CPU.Build.0 = Debug|Any CPU
		{768EB2D0-74E3-408F-8B7D-C57B6448E03B}.Release|Any CPU.ActiveCfg = Release|Any CPU
		{768EB2D0-74E3-408F-8B7D-C57B6448E03B}.Release|Any CPU.Build.0 = Release|Any CPU
		{90CB8545-43A7-429F-B863-73A90C9840D5}.Debug|Any CPU.ActiveCfg = Debug|Any CPU
		{90CB8545-43A7-429F-B863-73A90C9840D5}.Debug|Any CPU.Build.0 = Debug|Any CPU
		{90CB8545-43A7-429F-B863-73A90C9840D5}.Release|Any CPU.ActiveCfg = Release|Any CPU
		{90CB8545-43A7-429F-B863-73A90C9840D5}.Release|Any CPU.Build.0 = Release|Any CPU
		{556427A2-1520-4EF4-A42E-1B4945C9E145}.Debug|Any CPU.ActiveCfg = Debug|Any CPU
		{556427A2-1520-4EF4-A42E-1B4945C9E145}.Debug|Any CPU.Build.0 = Debug|Any CPU
		{556427A2-1520-4EF4-A42E-1B4945C9E145}.Release|Any CPU.ActiveCfg = Release|Any CPU
		{556427A2-1520-4EF4-A42E-1B4945C9E145}.Release|Any CPU.Build.0 = Release|Any CPU
		{F7608B39-36A2-4837-A19C-4EA8FDF7EEBC}.Debug|Any CPU.ActiveCfg = Debug|Any CPU
		{F7608B39-36A2-4837-A19C-4EA8FDF7EEBC}.Debug|Any CPU.Build.0 = Debug|Any CPU
		{F7608B39-36A2-4837-A19C-4EA8FDF7EEBC}.Release|Any CPU.ActiveCfg = Release|Any CPU
		{F7608B39-36A2-4837-A19C-4EA8FDF7EEBC}.Release|Any CPU.Build.0 = Release|Any CPU
		{8AB85F26-945E-43C2-A748-08E514582F6D}.Debug|Any CPU.ActiveCfg = Debug|Any CPU
		{8AB85F26-945E-43C2-A748-08E514582F6D}.Debug|Any CPU.Build.0 = Debug|Any CPU
		{8AB85F26-945E-43C2-A748-08E514582F6D}.Release|Any CPU.ActiveCfg = Release|Any CPU
		{8AB85F26-945E-43C2-A748-08E514582F6D}.Release|Any CPU.Build.0 = Release|Any CPU
		{1B946AE3-0354-4F1E-BC31-098FFD69D147}.Debug|Any CPU.ActiveCfg = Debug|Any CPU
		{1B946AE3-0354-4F1E-BC31-098FFD69D147}.Debug|Any CPU.Build.0 = Debug|Any CPU
		{1B946AE3-0354-4F1E-BC31-098FFD69D147}.Release|Any CPU.ActiveCfg = Release|Any CPU
		{1B946AE3-0354-4F1E-BC31-098FFD69D147}.Release|Any CPU.Build.0 = Release|Any CPU
		{567B8EF0-34DF-4BE1-BC00-E38659F4926F}.Debug|Any CPU.ActiveCfg = Debug|Any CPU
		{567B8EF0-34DF-4BE1-BC00-E38659F4926F}.Debug|Any CPU.Build.0 = Debug|Any CPU
		{567B8EF0-34DF-4BE1-BC00-E38659F4926F}.Release|Any CPU.ActiveCfg = Release|Any CPU
		{567B8EF0-34DF-4BE1-BC00-E38659F4926F}.Release|Any CPU.Build.0 = Release|Any CPU
		{8BA8EA65-2E1C-4DDA-A72F-91EC5081A8EF}.Debug|Any CPU.ActiveCfg = Debug|Any CPU
		{8BA8EA65-2E1C-4DDA-A72F-91EC5081A8EF}.Debug|Any CPU.Build.0 = Debug|Any CPU
		{8BA8EA65-2E1C-4DDA-A72F-91EC5081A8EF}.Release|Any CPU.ActiveCfg = Release|Any CPU
		{8BA8EA65-2E1C-4DDA-A72F-91EC5081A8EF}.Release|Any CPU.Build.0 = Release|Any CPU
		{5B1640EF-27A6-4B2C-82FE-6C5A7288D526}.Debug|Any CPU.ActiveCfg = Debug|Any CPU
		{5B1640EF-27A6-4B2C-82FE-6C5A7288D526}.Debug|Any CPU.Build.0 = Debug|Any CPU
		{5B1640EF-27A6-4B2C-82FE-6C5A7288D526}.Release|Any CPU.ActiveCfg = Release|Any CPU
		{5B1640EF-27A6-4B2C-82FE-6C5A7288D526}.Release|Any CPU.Build.0 = Release|Any CPU
		{FD471915-CDCB-4246-8454-7FE974805A2E}.Debug|Any CPU.ActiveCfg = Debug|Any CPU
		{FD471915-CDCB-4246-8454-7FE974805A2E}.Debug|Any CPU.Build.0 = Debug|Any CPU
		{FD471915-CDCB-4246-8454-7FE974805A2E}.Release|Any CPU.ActiveCfg = Release|Any CPU
		{FD471915-CDCB-4246-8454-7FE974805A2E}.Release|Any CPU.Build.0 = Release|Any CPU
		{48A45C81-4D1D-45C5-AB1A-639279B9C0D7}.Debug|Any CPU.ActiveCfg = Debug|Any CPU
		{48A45C81-4D1D-45C5-AB1A-639279B9C0D7}.Debug|Any CPU.Build.0 = Debug|Any CPU
		{48A45C81-4D1D-45C5-AB1A-639279B9C0D7}.Release|Any CPU.ActiveCfg = Release|Any CPU
		{48A45C81-4D1D-45C5-AB1A-639279B9C0D7}.Release|Any CPU.Build.0 = Release|Any CPU
		{396A6F53-0169-4EA0-B4AF-B425A4E4E4E1}.Debug|Any CPU.ActiveCfg = Debug|Any CPU
		{396A6F53-0169-4EA0-B4AF-B425A4E4E4E1}.Debug|Any CPU.Build.0 = Debug|Any CPU
		{396A6F53-0169-4EA0-B4AF-B425A4E4E4E1}.Release|Any CPU.ActiveCfg = Release|Any CPU
		{396A6F53-0169-4EA0-B4AF-B425A4E4E4E1}.Release|Any CPU.Build.0 = Release|Any CPU
		{6A7A794D-A1B6-4AE8-B030-15AA389E0D42}.Debug|Any CPU.ActiveCfg = Debug|Any CPU
		{6A7A794D-A1B6-4AE8-B030-15AA389E0D42}.Debug|Any CPU.Build.0 = Debug|Any CPU
		{6A7A794D-A1B6-4AE8-B030-15AA389E0D42}.Release|Any CPU.ActiveCfg = Release|Any CPU
		{6A7A794D-A1B6-4AE8-B030-15AA389E0D42}.Release|Any CPU.Build.0 = Release|Any CPU
		{16298783-DA7D-4EC7-A2C4-AA771D1576D2}.Debug|Any CPU.ActiveCfg = Debug|Any CPU
		{16298783-DA7D-4EC7-A2C4-AA771D1576D2}.Debug|Any CPU.Build.0 = Debug|Any CPU
		{16298783-DA7D-4EC7-A2C4-AA771D1576D2}.Release|Any CPU.ActiveCfg = Release|Any CPU
		{16298783-DA7D-4EC7-A2C4-AA771D1576D2}.Release|Any CPU.Build.0 = Release|Any CPU
		{B8E2EB2B-0633-41EB-A53E-B4CE293A04E8}.Debug|Any CPU.ActiveCfg = Debug|Any CPU
		{B8E2EB2B-0633-41EB-A53E-B4CE293A04E8}.Debug|Any CPU.Build.0 = Debug|Any CPU
		{B8E2EB2B-0633-41EB-A53E-B4CE293A04E8}.Release|Any CPU.ActiveCfg = Release|Any CPU
		{B8E2EB2B-0633-41EB-A53E-B4CE293A04E8}.Release|Any CPU.Build.0 = Release|Any CPU
		{3701337D-556F-4582-B711-2B05B6024F4F}.Debug|Any CPU.ActiveCfg = Debug|Any CPU
		{3701337D-556F-4582-B711-2B05B6024F4F}.Debug|Any CPU.Build.0 = Debug|Any CPU
		{3701337D-556F-4582-B711-2B05B6024F4F}.Release|Any CPU.ActiveCfg = Release|Any CPU
		{3701337D-556F-4582-B711-2B05B6024F4F}.Release|Any CPU.Build.0 = Release|Any CPU
		{BC9A7F83-3B0E-4B39-AE20-745474C55EDA}.Debug|Any CPU.ActiveCfg = Debug|Any CPU
		{BC9A7F83-3B0E-4B39-AE20-745474C55EDA}.Debug|Any CPU.Build.0 = Debug|Any CPU
		{BC9A7F83-3B0E-4B39-AE20-745474C55EDA}.Release|Any CPU.ActiveCfg = Release|Any CPU
		{BC9A7F83-3B0E-4B39-AE20-745474C55EDA}.Release|Any CPU.Build.0 = Release|Any CPU
		{DC1BA9C4-E860-47BE-9FCF-4BE108691997}.Debug|Any CPU.ActiveCfg = Debug|Any CPU
		{DC1BA9C4-E860-47BE-9FCF-4BE108691997}.Debug|Any CPU.Build.0 = Debug|Any CPU
		{DC1BA9C4-E860-47BE-9FCF-4BE108691997}.Release|Any CPU.ActiveCfg = Release|Any CPU
		{DC1BA9C4-E860-47BE-9FCF-4BE108691997}.Release|Any CPU.Build.0 = Release|Any CPU
		{C6C7ECCE-B2F2-4FF9-81DC-287B40CE4B11}.Debug|Any CPU.ActiveCfg = Debug|Any CPU
		{C6C7ECCE-B2F2-4FF9-81DC-287B40CE4B11}.Debug|Any CPU.Build.0 = Debug|Any CPU
		{C6C7ECCE-B2F2-4FF9-81DC-287B40CE4B11}.Release|Any CPU.ActiveCfg = Release|Any CPU
		{C6C7ECCE-B2F2-4FF9-81DC-287B40CE4B11}.Release|Any CPU.Build.0 = Release|Any CPU
		{AE84D56F-46C6-47DD-84F6-EC0706220883}.Debug|Any CPU.ActiveCfg = Debug|Any CPU
		{AE84D56F-46C6-47DD-84F6-EC0706220883}.Debug|Any CPU.Build.0 = Debug|Any CPU
		{AE84D56F-46C6-47DD-84F6-EC0706220883}.Release|Any CPU.ActiveCfg = Release|Any CPU
		{AE84D56F-46C6-47DD-84F6-EC0706220883}.Release|Any CPU.Build.0 = Release|Any CPU
		{4561B385-DAC5-485F-BDD4-A75B93B16007}.Debug|Any CPU.ActiveCfg = Debug|Any CPU
		{4561B385-DAC5-485F-BDD4-A75B93B16007}.Debug|Any CPU.Build.0 = Debug|Any CPU
		{4561B385-DAC5-485F-BDD4-A75B93B16007}.Release|Any CPU.ActiveCfg = Release|Any CPU
		{4561B385-DAC5-485F-BDD4-A75B93B16007}.Release|Any CPU.Build.0 = Release|Any CPU
		{D96975E6-7D80-47D5-9FFF-81A7947D307A}.Debug|Any CPU.ActiveCfg = Debug|Any CPU
		{D96975E6-7D80-47D5-9FFF-81A7947D307A}.Debug|Any CPU.Build.0 = Debug|Any CPU
		{D96975E6-7D80-47D5-9FFF-81A7947D307A}.Release|Any CPU.ActiveCfg = Release|Any CPU
		{D96975E6-7D80-47D5-9FFF-81A7947D307A}.Release|Any CPU.Build.0 = Release|Any CPU
		{FA6EBB5E-9EDD-4273-9C95-211C794C6C3F}.Debug|Any CPU.ActiveCfg = Debug|Any CPU
		{FA6EBB5E-9EDD-4273-9C95-211C794C6C3F}.Debug|Any CPU.Build.0 = Debug|Any CPU
		{FA6EBB5E-9EDD-4273-9C95-211C794C6C3F}.Release|Any CPU.ActiveCfg = Release|Any CPU
		{FA6EBB5E-9EDD-4273-9C95-211C794C6C3F}.Release|Any CPU.Build.0 = Release|Any CPU
		{3CC48272-5335-4126-9565-A2138F4F20D3}.Debug|Any CPU.ActiveCfg = Debug|Any CPU
		{3CC48272-5335-4126-9565-A2138F4F20D3}.Debug|Any CPU.Build.0 = Debug|Any CPU
		{3CC48272-5335-4126-9565-A2138F4F20D3}.Release|Any CPU.ActiveCfg = Release|Any CPU
		{3CC48272-5335-4126-9565-A2138F4F20D3}.Release|Any CPU.Build.0 = Release|Any CPU
		{288E2B6C-DFAB-4F3C-BADF-34B169ED5076}.Debug|Any CPU.ActiveCfg = Debug|Any CPU
		{288E2B6C-DFAB-4F3C-BADF-34B169ED5076}.Debug|Any CPU.Build.0 = Debug|Any CPU
		{288E2B6C-DFAB-4F3C-BADF-34B169ED5076}.Release|Any CPU.ActiveCfg = Release|Any CPU
		{288E2B6C-DFAB-4F3C-BADF-34B169ED5076}.Release|Any CPU.Build.0 = Release|Any CPU
		{412C2F1F-8B20-4F70-BD71-8E2B917CAEA7}.Debug|Any CPU.ActiveCfg = Debug|Any CPU
		{412C2F1F-8B20-4F70-BD71-8E2B917CAEA7}.Debug|Any CPU.Build.0 = Debug|Any CPU
		{412C2F1F-8B20-4F70-BD71-8E2B917CAEA7}.Release|Any CPU.ActiveCfg = Release|Any CPU
		{412C2F1F-8B20-4F70-BD71-8E2B917CAEA7}.Release|Any CPU.Build.0 = Release|Any CPU
		{2499E388-3EFF-4820-9CA1-8E41A7A59EBA}.Debug|Any CPU.ActiveCfg = Debug|Any CPU
		{2499E388-3EFF-4820-9CA1-8E41A7A59EBA}.Debug|Any CPU.Build.0 = Debug|Any CPU
		{2499E388-3EFF-4820-9CA1-8E41A7A59EBA}.Release|Any CPU.ActiveCfg = Release|Any CPU
		{2499E388-3EFF-4820-9CA1-8E41A7A59EBA}.Release|Any CPU.Build.0 = Release|Any CPU
		{D7A997B2-30FA-42D2-B0B6-7391B40F9228}.Debug|Any CPU.ActiveCfg = Debug|Any CPU
		{D7A997B2-30FA-42D2-B0B6-7391B40F9228}.Debug|Any CPU.Build.0 = Debug|Any CPU
		{D7A997B2-30FA-42D2-B0B6-7391B40F9228}.Release|Any CPU.ActiveCfg = Release|Any CPU
		{D7A997B2-30FA-42D2-B0B6-7391B40F9228}.Release|Any CPU.Build.0 = Release|Any CPU
		{F0065A85-CA7F-4495-A93D-DFA402D094B4}.Debug|Any CPU.ActiveCfg = Debug|Any CPU
		{F0065A85-CA7F-4495-A93D-DFA402D094B4}.Debug|Any CPU.Build.0 = Debug|Any CPU
		{F0065A85-CA7F-4495-A93D-DFA402D094B4}.Release|Any CPU.ActiveCfg = Release|Any CPU
		{F0065A85-CA7F-4495-A93D-DFA402D094B4}.Release|Any CPU.Build.0 = Release|Any CPU
		{71BC698B-5C8A-4629-9C89-440BE7DDCA8C}.Debug|Any CPU.ActiveCfg = Debug|Any CPU
		{71BC698B-5C8A-4629-9C89-440BE7DDCA8C}.Debug|Any CPU.Build.0 = Debug|Any CPU
		{71BC698B-5C8A-4629-9C89-440BE7DDCA8C}.Release|Any CPU.ActiveCfg = Release|Any CPU
		{71BC698B-5C8A-4629-9C89-440BE7DDCA8C}.Release|Any CPU.Build.0 = Release|Any CPU
	EndGlobalSection
	GlobalSection(SolutionProperties) = preSolution
		HideSolutionNode = FALSE
	EndGlobalSection
EndGlobal
