
Microsoft Visual Studio Solution File, Format Version 12.00
# Visual Studio 2013
VisualStudioVersion = 12.0.30501.0
MinimumVisualStudioVersion = 10.0.40219.1
Project("{FAE04EC0-301F-11D3-BF4B-00C04F79EFBC}") = "RotatingMatrixWalk", "RotatingMatrixWalk\RotatingMatrixWalk.csproj", "{EF5CB3AB-3736-4CA4-A482-4AA6292CC6A5}"
EndProject
Project("{FAE04EC0-301F-11D3-BF4B-00C04F79EFBC}") = "RotatingMatrixWalkTests", "RotatingMatrixWalkTests\RotatingMatrixWalkTests.csproj", "{9258F5DD-CF11-46B2-A968-A3D923766BB3}"
EndProject
Global
	GlobalSection(SolutionConfigurationPlatforms) = preSolution
		Debug|Any CPU = Debug|Any CPU
		Release|Any CPU = Release|Any CPU
	EndGlobalSection
	GlobalSection(ProjectConfigurationPlatforms) = postSolution
		{EF5CB3AB-3736-4CA4-A482-4AA6292CC6A5}.Debug|Any CPU.ActiveCfg = Debug|Any CPU
		{EF5CB3AB-3736-4CA4-A482-4AA6292CC6A5}.Debug|Any CPU.Build.0 = Debug|Any CPU
		{EF5CB3AB-3736-4CA4-A482-4AA6292CC6A5}.Release|Any CPU.ActiveCfg = Release|Any CPU
		{EF5CB3AB-3736-4CA4-A482-4AA6292CC6A5}.Release|Any CPU.Build.0 = Release|Any CPU
		{9258F5DD-CF11-46B2-A968-A3D923766BB3}.Debug|Any CPU.ActiveCfg = Debug|Any CPU
		{9258F5DD-CF11-46B2-A968-A3D923766BB3}.Debug|Any CPU.Build.0 = Debug|Any CPU
		{9258F5DD-CF11-46B2-A968-A3D923766BB3}.Release|Any CPU.ActiveCfg = Release|Any CPU
		{9258F5DD-CF11-46B2-A968-A3D923766BB3}.Release|Any CPU.Build.0 = Release|Any CPU
	EndGlobalSection
	GlobalSection(SolutionProperties) = preSolution
		HideSolutionNode = FALSE
	EndGlobalSection
EndGlobal
