
Microsoft Visual Studio Solution File, Format Version 12.00
# Visual Studio 2012
Project("{FAE04EC0-301F-11D3-BF4B-00C04F79EFBC}") = "tree", "ConsoleApplication1\tree.csproj", "{A6BF1E82-8D3F-445B-BB73-C8C73D399FA6}"
EndProject
Project("{FAE04EC0-301F-11D3-BF4B-00C04F79EFBC}") = "ConsoleApplication2", "ConsoleApplication2\ConsoleApplication2.csproj", "{5BF13DDD-AD30-4A56-BC4C-8CC0EB55779A}"
EndProject
Global
	GlobalSection(SolutionConfigurationPlatforms) = preSolution
		Debug|Any CPU = Debug|Any CPU
		Release|Any CPU = Release|Any CPU
	EndGlobalSection
	GlobalSection(ProjectConfigurationPlatforms) = postSolution
		{A6BF1E82-8D3F-445B-BB73-C8C73D399FA6}.Debug|Any CPU.ActiveCfg = Debug|Any CPU
		{A6BF1E82-8D3F-445B-BB73-C8C73D399FA6}.Debug|Any CPU.Build.0 = Debug|Any CPU
		{A6BF1E82-8D3F-445B-BB73-C8C73D399FA6}.Release|Any CPU.ActiveCfg = Release|Any CPU
		{A6BF1E82-8D3F-445B-BB73-C8C73D399FA6}.Release|Any CPU.Build.0 = Release|Any CPU
		{5BF13DDD-AD30-4A56-BC4C-8CC0EB55779A}.Debug|Any CPU.ActiveCfg = Debug|Any CPU
		{5BF13DDD-AD30-4A56-BC4C-8CC0EB55779A}.Debug|Any CPU.Build.0 = Debug|Any CPU
		{5BF13DDD-AD30-4A56-BC4C-8CC0EB55779A}.Release|Any CPU.ActiveCfg = Release|Any CPU
		{5BF13DDD-AD30-4A56-BC4C-8CC0EB55779A}.Release|Any CPU.Build.0 = Release|Any CPU
	EndGlobalSection
	GlobalSection(SolutionProperties) = preSolution
		HideSolutionNode = FALSE
	EndGlobalSection
EndGlobal
