
Microsoft Visual Studio Solution File, Format Version 12.00
# Visual Studio 2013
VisualStudioVersion = 12.0.30626.0
MinimumVisualStudioVersion = 10.0.40219.1
Project("{FAE04EC0-301F-11D3-BF4B-00C04F79EFBC}") = "BattleNetShop.Model", "BattleNetShop.Model\BattleNetShop.Model.csproj", "{0144DE51-520F-4226-8AEA-ACCD5CEEF6BF}"
EndProject
Project("{2150E333-8FDC-42A3-9474-1A3956D46DE8}") = "Data", "Data", "{073B0B16-B559-45A6-A8CE-83A6D863255E}"
EndProject
Project("{2150E333-8FDC-42A3-9474-1A3956D46DE8}") = "Model", "Model", "{E56A96E2-42E6-441D-B21A-ABFA5FF28410}"
EndProject
Project("{2150E333-8FDC-42A3-9474-1A3956D46DE8}") = "Client", "Client", "{7E508921-CD1D-4FEB-8025-7E54B3F5CFF4}"
EndProject
Project("{FAE04EC0-301F-11D3-BF4B-00C04F79EFBC}") = "BattleNetShop.Data.MongoDb", "BattleNetShop.Data.MongoDb\BattleNetShop.Data.MongoDb.csproj", "{801FD9F8-9891-443F-8688-D00472D6A65F}"
EndProject
Project("{FAE04EC0-301F-11D3-BF4B-00C04F79EFBC}") = "BattleNetShop.Data.Excel.Xls", "BattleNetShop.Data.Excel.Xls\BattleNetShop.Data.Excel.Xls.csproj", "{368D1A8C-9469-49E2-A20B-B41C00C0A85D}"
EndProject
Project("{FAE04EC0-301F-11D3-BF4B-00C04F79EFBC}") = "BattleNetShop.Data.Excel.Xlsx", "BattleNetShop.Data.Excel.Xlsx\BattleNetShop.Data.Excel.Xlsx.csproj", "{B4F6260D-0AB0-450D-9462-E510A78B013B}"
EndProject
Project("{FAE04EC0-301F-11D3-BF4B-00C04F79EFBC}") = "BattleNetShop.Data.Xml", "BattleNetShop.Data.XML\BattleNetShop.Data.Xml.csproj", "{AC1E7F6D-E06E-4CEC-8D08-9C4E3C23A70C}"
EndProject
Project("{FAE04EC0-301F-11D3-BF4B-00C04F79EFBC}") = "BattleNetShop.Data.Pdf", "BattleNetShop.Data.PDF\BattleNetShop.Data.Pdf.csproj", "{6244A825-A67D-454D-B96E-8F63D804A8EB}"
EndProject
Project("{FAE04EC0-301F-11D3-BF4B-00C04F79EFBC}") = "BattleNetShop.Data.Json", "BattleNetShop.Data.JSON\BattleNetShop.Data.Json.csproj", "{193E18DE-7F43-4786-977D-2BB26D65A7B0}"
EndProject
Project("{2150E333-8FDC-42A3-9474-1A3956D46DE8}") = "Utils", "Utils", "{94851855-81CB-441B-9043-5640964F687D}"
EndProject
Project("{2150E333-8FDC-42A3-9474-1A3956D46DE8}") = ".nuget", ".nuget", "{3C90F1A9-8586-490C-A7AD-17927B7A5429}"
	ProjectSection(SolutionItems) = preProject
		.nuget\NuGet.Config = .nuget\NuGet.Config
		.nuget\NuGet.exe = .nuget\NuGet.exe
		.nuget\NuGet.targets = .nuget\NuGet.targets
	EndProjectSection
EndProject
Project("{FAE04EC0-301F-11D3-BF4B-00C04F79EFBC}") = "BattleNetShop.Data.MySql", "BattleNetShop.Data.MySql\BattleNetShop.Data.MySql.csproj", "{D6221064-BB1E-42F6-9941-5ED8F551CCBD}"
EndProject
Project("{2150E333-8FDC-42A3-9474-1A3956D46DE8}") = "Logic", "Logic", "{D7412688-EE28-4D60-A0ED-ACCC9E06CF12}"
EndProject
Project("{FAE04EC0-301F-11D3-BF4B-00C04F79EFBC}") = "BattleNetShop.Utils", "BattleNetShop.Utils\BattleNetShop.Utils.csproj", "{66D9DD05-D06E-454F-AD92-2AC3DF7BD8B3}"
EndProject
Project("{FAE04EC0-301F-11D3-BF4B-00C04F79EFBC}") = "BattleNetShop.Logic", "BattleNetShop.Logic\BattleNetShop.Logic.csproj", "{46C39201-0410-4D64-ABDE-6367B1FB9F85}"
EndProject
Project("{FAE04EC0-301F-11D3-BF4B-00C04F79EFBC}") = "BattleNetShop.ReportsModel", "BattleNetShop.ReportsModel\BattleNetShop.ReportsModel.csproj", "{E4279469-A64D-41E6-ADBB-0497853CEBFA}"
EndProject
Project("{FAE04EC0-301F-11D3-BF4B-00C04F79EFBC}") = "BattleNetShop.Data.SqlServer", "BattleNetShop.Data.SqlServer\BattleNetShop.Data.SqlServer.csproj", "{6BF7172A-E7DB-42C5-8122-6D6B65EAFF5A}"
EndProject
Project("{FAE04EC0-301F-11D3-BF4B-00C04F79EFBC}") = "BattleNetShop.Client.Console", "BattleNetShop.Client.Console\BattleNetShop.Client.Console.csproj", "{9D8B7252-85E3-4E35-8D6A-FAE63D5BBDBA}"
EndProject
Project("{FAE04EC0-301F-11D3-BF4B-00C04F79EFBC}") = "BattleNetShop.Data.SqLiteDb", "BattleNetShop.Data.SqLiteDb\BattleNetShop.Data.SqLiteDb.csproj", "{4FA0AF97-3A91-41BA-A36C-CE9B10266AAB}"
EndProject
Project("{FAE04EC0-301F-11D3-BF4B-00C04F79EFBC}") = "BattleNetShop.Client.Wpf", "BattleNetShop.Client.Wpf\BattleNetShop.Client.Wpf.csproj", "{A3215D3D-0F74-47E2-A703-690389EEC54A}"
EndProject
Global
	GlobalSection(SolutionConfigurationPlatforms) = preSolution
		Debug|Any CPU = Debug|Any CPU
		Release|Any CPU = Release|Any CPU
	EndGlobalSection
	GlobalSection(ProjectConfigurationPlatforms) = postSolution
		{0144DE51-520F-4226-8AEA-ACCD5CEEF6BF}.Debug|Any CPU.ActiveCfg = Debug|Any CPU
		{0144DE51-520F-4226-8AEA-ACCD5CEEF6BF}.Debug|Any CPU.Build.0 = Debug|Any CPU
		{0144DE51-520F-4226-8AEA-ACCD5CEEF6BF}.Release|Any CPU.ActiveCfg = Release|Any CPU
		{0144DE51-520F-4226-8AEA-ACCD5CEEF6BF}.Release|Any CPU.Build.0 = Release|Any CPU
		{801FD9F8-9891-443F-8688-D00472D6A65F}.Debug|Any CPU.ActiveCfg = Debug|Any CPU
		{801FD9F8-9891-443F-8688-D00472D6A65F}.Debug|Any CPU.Build.0 = Debug|Any CPU
		{801FD9F8-9891-443F-8688-D00472D6A65F}.Release|Any CPU.ActiveCfg = Release|Any CPU
		{801FD9F8-9891-443F-8688-D00472D6A65F}.Release|Any CPU.Build.0 = Release|Any CPU
		{368D1A8C-9469-49E2-A20B-B41C00C0A85D}.Debug|Any CPU.ActiveCfg = Debug|Any CPU
		{368D1A8C-9469-49E2-A20B-B41C00C0A85D}.Debug|Any CPU.Build.0 = Debug|Any CPU
		{368D1A8C-9469-49E2-A20B-B41C00C0A85D}.Release|Any CPU.ActiveCfg = Release|Any CPU
		{368D1A8C-9469-49E2-A20B-B41C00C0A85D}.Release|Any CPU.Build.0 = Release|Any CPU
		{B4F6260D-0AB0-450D-9462-E510A78B013B}.Debug|Any CPU.ActiveCfg = Debug|Any CPU
		{B4F6260D-0AB0-450D-9462-E510A78B013B}.Debug|Any CPU.Build.0 = Debug|Any CPU
		{B4F6260D-0AB0-450D-9462-E510A78B013B}.Release|Any CPU.ActiveCfg = Release|Any CPU
		{B4F6260D-0AB0-450D-9462-E510A78B013B}.Release|Any CPU.Build.0 = Release|Any CPU
		{AC1E7F6D-E06E-4CEC-8D08-9C4E3C23A70C}.Debug|Any CPU.ActiveCfg = Debug|Any CPU
		{AC1E7F6D-E06E-4CEC-8D08-9C4E3C23A70C}.Debug|Any CPU.Build.0 = Debug|Any CPU
		{AC1E7F6D-E06E-4CEC-8D08-9C4E3C23A70C}.Release|Any CPU.ActiveCfg = Release|Any CPU
		{AC1E7F6D-E06E-4CEC-8D08-9C4E3C23A70C}.Release|Any CPU.Build.0 = Release|Any CPU
		{6244A825-A67D-454D-B96E-8F63D804A8EB}.Debug|Any CPU.ActiveCfg = Debug|Any CPU
		{6244A825-A67D-454D-B96E-8F63D804A8EB}.Debug|Any CPU.Build.0 = Debug|Any CPU
		{6244A825-A67D-454D-B96E-8F63D804A8EB}.Release|Any CPU.ActiveCfg = Release|Any CPU
		{6244A825-A67D-454D-B96E-8F63D804A8EB}.Release|Any CPU.Build.0 = Release|Any CPU
		{193E18DE-7F43-4786-977D-2BB26D65A7B0}.Debug|Any CPU.ActiveCfg = Debug|Any CPU
		{193E18DE-7F43-4786-977D-2BB26D65A7B0}.Debug|Any CPU.Build.0 = Debug|Any CPU
		{193E18DE-7F43-4786-977D-2BB26D65A7B0}.Release|Any CPU.ActiveCfg = Release|Any CPU
		{193E18DE-7F43-4786-977D-2BB26D65A7B0}.Release|Any CPU.Build.0 = Release|Any CPU
		{D6221064-BB1E-42F6-9941-5ED8F551CCBD}.Debug|Any CPU.ActiveCfg = Debug|Any CPU
		{D6221064-BB1E-42F6-9941-5ED8F551CCBD}.Debug|Any CPU.Build.0 = Debug|Any CPU
		{D6221064-BB1E-42F6-9941-5ED8F551CCBD}.Release|Any CPU.ActiveCfg = Release|Any CPU
		{D6221064-BB1E-42F6-9941-5ED8F551CCBD}.Release|Any CPU.Build.0 = Release|Any CPU
		{66D9DD05-D06E-454F-AD92-2AC3DF7BD8B3}.Debug|Any CPU.ActiveCfg = Debug|Any CPU
		{66D9DD05-D06E-454F-AD92-2AC3DF7BD8B3}.Debug|Any CPU.Build.0 = Debug|Any CPU
		{66D9DD05-D06E-454F-AD92-2AC3DF7BD8B3}.Release|Any CPU.ActiveCfg = Release|Any CPU
		{66D9DD05-D06E-454F-AD92-2AC3DF7BD8B3}.Release|Any CPU.Build.0 = Release|Any CPU
		{46C39201-0410-4D64-ABDE-6367B1FB9F85}.Debug|Any CPU.ActiveCfg = Debug|Any CPU
		{46C39201-0410-4D64-ABDE-6367B1FB9F85}.Debug|Any CPU.Build.0 = Debug|Any CPU
		{46C39201-0410-4D64-ABDE-6367B1FB9F85}.Release|Any CPU.ActiveCfg = Release|Any CPU
		{46C39201-0410-4D64-ABDE-6367B1FB9F85}.Release|Any CPU.Build.0 = Release|Any CPU
		{E4279469-A64D-41E6-ADBB-0497853CEBFA}.Debug|Any CPU.ActiveCfg = Debug|Any CPU
		{E4279469-A64D-41E6-ADBB-0497853CEBFA}.Debug|Any CPU.Build.0 = Debug|Any CPU
		{E4279469-A64D-41E6-ADBB-0497853CEBFA}.Release|Any CPU.ActiveCfg = Release|Any CPU
		{E4279469-A64D-41E6-ADBB-0497853CEBFA}.Release|Any CPU.Build.0 = Release|Any CPU
		{6BF7172A-E7DB-42C5-8122-6D6B65EAFF5A}.Debug|Any CPU.ActiveCfg = Debug|Any CPU
		{6BF7172A-E7DB-42C5-8122-6D6B65EAFF5A}.Debug|Any CPU.Build.0 = Debug|Any CPU
		{6BF7172A-E7DB-42C5-8122-6D6B65EAFF5A}.Release|Any CPU.ActiveCfg = Release|Any CPU
		{6BF7172A-E7DB-42C5-8122-6D6B65EAFF5A}.Release|Any CPU.Build.0 = Release|Any CPU
		{9D8B7252-85E3-4E35-8D6A-FAE63D5BBDBA}.Debug|Any CPU.ActiveCfg = Debug|Any CPU
		{9D8B7252-85E3-4E35-8D6A-FAE63D5BBDBA}.Debug|Any CPU.Build.0 = Debug|Any CPU
		{9D8B7252-85E3-4E35-8D6A-FAE63D5BBDBA}.Release|Any CPU.ActiveCfg = Release|Any CPU
		{9D8B7252-85E3-4E35-8D6A-FAE63D5BBDBA}.Release|Any CPU.Build.0 = Release|Any CPU
		{4FA0AF97-3A91-41BA-A36C-CE9B10266AAB}.Debug|Any CPU.ActiveCfg = Debug|Any CPU
		{4FA0AF97-3A91-41BA-A36C-CE9B10266AAB}.Debug|Any CPU.Build.0 = Debug|Any CPU
		{4FA0AF97-3A91-41BA-A36C-CE9B10266AAB}.Release|Any CPU.ActiveCfg = Release|Any CPU
		{4FA0AF97-3A91-41BA-A36C-CE9B10266AAB}.Release|Any CPU.Build.0 = Release|Any CPU
		{A3215D3D-0F74-47E2-A703-690389EEC54A}.Debug|Any CPU.ActiveCfg = Debug|Any CPU
		{A3215D3D-0F74-47E2-A703-690389EEC54A}.Debug|Any CPU.Build.0 = Debug|Any CPU
		{A3215D3D-0F74-47E2-A703-690389EEC54A}.Release|Any CPU.ActiveCfg = Release|Any CPU
		{A3215D3D-0F74-47E2-A703-690389EEC54A}.Release|Any CPU.Build.0 = Release|Any CPU
	EndGlobalSection
	GlobalSection(SolutionProperties) = preSolution
		HideSolutionNode = FALSE
	EndGlobalSection
	GlobalSection(NestedProjects) = preSolution
		{0144DE51-520F-4226-8AEA-ACCD5CEEF6BF} = {E56A96E2-42E6-441D-B21A-ABFA5FF28410}
		{801FD9F8-9891-443F-8688-D00472D6A65F} = {073B0B16-B559-45A6-A8CE-83A6D863255E}
		{368D1A8C-9469-49E2-A20B-B41C00C0A85D} = {073B0B16-B559-45A6-A8CE-83A6D863255E}
		{B4F6260D-0AB0-450D-9462-E510A78B013B} = {073B0B16-B559-45A6-A8CE-83A6D863255E}
		{AC1E7F6D-E06E-4CEC-8D08-9C4E3C23A70C} = {073B0B16-B559-45A6-A8CE-83A6D863255E}
		{6244A825-A67D-454D-B96E-8F63D804A8EB} = {073B0B16-B559-45A6-A8CE-83A6D863255E}
		{193E18DE-7F43-4786-977D-2BB26D65A7B0} = {073B0B16-B559-45A6-A8CE-83A6D863255E}
		{D6221064-BB1E-42F6-9941-5ED8F551CCBD} = {073B0B16-B559-45A6-A8CE-83A6D863255E}
		{66D9DD05-D06E-454F-AD92-2AC3DF7BD8B3} = {94851855-81CB-441B-9043-5640964F687D}
		{46C39201-0410-4D64-ABDE-6367B1FB9F85} = {D7412688-EE28-4D60-A0ED-ACCC9E06CF12}
		{E4279469-A64D-41E6-ADBB-0497853CEBFA} = {E56A96E2-42E6-441D-B21A-ABFA5FF28410}
		{6BF7172A-E7DB-42C5-8122-6D6B65EAFF5A} = {073B0B16-B559-45A6-A8CE-83A6D863255E}
		{9D8B7252-85E3-4E35-8D6A-FAE63D5BBDBA} = {7E508921-CD1D-4FEB-8025-7E54B3F5CFF4}
		{4FA0AF97-3A91-41BA-A36C-CE9B10266AAB} = {073B0B16-B559-45A6-A8CE-83A6D863255E}
		{A3215D3D-0F74-47E2-A703-690389EEC54A} = {7E508921-CD1D-4FEB-8025-7E54B3F5CFF4}
	EndGlobalSection
EndGlobal
