
Microsoft Visual Studio Solution File, Format Version 12.00
# Visual Studio 2013
VisualStudioVersion = 12.0.30626.0
MinimumVisualStudioVersion = 10.0.40219.1
Project("{FAE04EC0-301F-11D3-BF4B-00C04F79EFBC}") = "ATM.Transactions", "ATM.Transactions\ATM.Transactions.csproj", "{11029E9D-494B-4E93-93B2-2E025148B9DC}"
EndProject
Project("{FAE04EC0-301F-11D3-BF4B-00C04F79EFBC}") = "ATM.Data", "ATM.Data\ATM.Data.csproj", "{701D3412-B2ED-4D6F-94A9-B920CCCD4874}"
EndProject
Project("{FAE04EC0-301F-11D3-BF4B-00C04F79EFBC}") = "ATM.Tests", "ATM.Tests\ATM.Tests.csproj", "{7A5E558E-2CCE-493D-B17A-1FAB06A528D8}"
EndProject
Global
	GlobalSection(SolutionConfigurationPlatforms) = preSolution
		Debug|Any CPU = Debug|Any CPU
		Release|Any CPU = Release|Any CPU
	EndGlobalSection
	GlobalSection(ProjectConfigurationPlatforms) = postSolution
		{11029E9D-494B-4E93-93B2-2E025148B9DC}.Debug|Any CPU.ActiveCfg = Debug|Any CPU
		{11029E9D-494B-4E93-93B2-2E025148B9DC}.Debug|Any CPU.Build.0 = Debug|Any CPU
		{11029E9D-494B-4E93-93B2-2E025148B9DC}.Release|Any CPU.ActiveCfg = Release|Any CPU
		{11029E9D-494B-4E93-93B2-2E025148B9DC}.Release|Any CPU.Build.0 = Release|Any CPU
		{701D3412-B2ED-4D6F-94A9-B920CCCD4874}.Debug|Any CPU.ActiveCfg = Debug|Any CPU
		{701D3412-B2ED-4D6F-94A9-B920CCCD4874}.Debug|Any CPU.Build.0 = Debug|Any CPU
		{701D3412-B2ED-4D6F-94A9-B920CCCD4874}.Release|Any CPU.ActiveCfg = Release|Any CPU
		{701D3412-B2ED-4D6F-94A9-B920CCCD4874}.Release|Any CPU.Build.0 = Release|Any CPU
		{7A5E558E-2CCE-493D-B17A-1FAB06A528D8}.Debug|Any CPU.ActiveCfg = Debug|Any CPU
		{7A5E558E-2CCE-493D-B17A-1FAB06A528D8}.Debug|Any CPU.Build.0 = Debug|Any CPU
		{7A5E558E-2CCE-493D-B17A-1FAB06A528D8}.Release|Any CPU.ActiveCfg = Release|Any CPU
		{7A5E558E-2CCE-493D-B17A-1FAB06A528D8}.Release|Any CPU.Build.0 = Release|Any CPU
	EndGlobalSection
	GlobalSection(SolutionProperties) = preSolution
		HideSolutionNode = FALSE
	EndGlobalSection
EndGlobal
