
Microsoft Visual Studio Solution File, Format Version 12.00
# Visual Studio 2013
VisualStudioVersion = 12.0.30723.0
MinimumVisualStudioVersion = 10.0.40219.1
Project("{FAE04EC0-301F-11D3-BF4B-00C04F79EFBC}") = "LinksMenu", "LinksMenu\LinksMenu.csproj", "{A84FA193-4DBA-4762-87B8-4308E43F0BB9}"
EndProject
Project("{FAE04EC0-301F-11D3-BF4B-00C04F79EFBC}") = "Clock", "Clock\Clock.csproj", "{11A57D38-CD04-46F0-8728-765E4CD00CEA}"
EndProject
Global
	GlobalSection(SolutionConfigurationPlatforms) = preSolution
		Debug|Any CPU = Debug|Any CPU
		Release|Any CPU = Release|Any CPU
	EndGlobalSection
	GlobalSection(ProjectConfigurationPlatforms) = postSolution
		{A84FA193-4DBA-4762-87B8-4308E43F0BB9}.Debug|Any CPU.ActiveCfg = Debug|Any CPU
		{A84FA193-4DBA-4762-87B8-4308E43F0BB9}.Debug|Any CPU.Build.0 = Debug|Any CPU
		{A84FA193-4DBA-4762-87B8-4308E43F0BB9}.Release|Any CPU.ActiveCfg = Release|Any CPU
		{A84FA193-4DBA-4762-87B8-4308E43F0BB9}.Release|Any CPU.Build.0 = Release|Any CPU
		{11A57D38-CD04-46F0-8728-765E4CD00CEA}.Debug|Any CPU.ActiveCfg = Debug|Any CPU
		{11A57D38-CD04-46F0-8728-765E4CD00CEA}.Debug|Any CPU.Build.0 = Debug|Any CPU
		{11A57D38-CD04-46F0-8728-765E4CD00CEA}.Release|Any CPU.ActiveCfg = Release|Any CPU
		{11A57D38-CD04-46F0-8728-765E4CD00CEA}.Release|Any CPU.Build.0 = Release|Any CPU
	EndGlobalSection
	GlobalSection(SolutionProperties) = preSolution
		HideSolutionNode = FALSE
	EndGlobalSection
EndGlobal
