
Microsoft Visual Studio Solution File, Format Version 12.00
# Visual Studio 2012
Project("{FAE04EC0-301F-11D3-BF4B-00C04F79EFBC}") = "4-10", "OperatorsExpressionsTask10\4-10.csproj", "{57865EE3-2255-456D-845F-93AE6630421C}"
EndProject
Project("{FAE04EC0-301F-11D3-BF4B-00C04F79EFBC}") = "5-11", "5-11\5-11.csproj", "{AF019422-51C4-4F83-A844-CB137F3C7FEA}"
EndProject
Global
	GlobalSection(SolutionConfigurationPlatforms) = preSolution
		Debug|Any CPU = Debug|Any CPU
		Release|Any CPU = Release|Any CPU
	EndGlobalSection
	GlobalSection(ProjectConfigurationPlatforms) = postSolution
		{57865EE3-2255-456D-845F-93AE6630421C}.Debug|Any CPU.ActiveCfg = Debug|Any CPU
		{57865EE3-2255-456D-845F-93AE6630421C}.Debug|Any CPU.Build.0 = Debug|Any CPU
		{57865EE3-2255-456D-845F-93AE6630421C}.Release|Any CPU.ActiveCfg = Release|Any CPU
		{57865EE3-2255-456D-845F-93AE6630421C}.Release|Any CPU.Build.0 = Release|Any CPU
		{AF019422-51C4-4F83-A844-CB137F3C7FEA}.Debug|Any CPU.ActiveCfg = Debug|Any CPU
		{AF019422-51C4-4F83-A844-CB137F3C7FEA}.Debug|Any CPU.Build.0 = Debug|Any CPU
		{AF019422-51C4-4F83-A844-CB137F3C7FEA}.Release|Any CPU.ActiveCfg = Release|Any CPU
		{AF019422-51C4-4F83-A844-CB137F3C7FEA}.Release|Any CPU.Build.0 = Release|Any CPU
	EndGlobalSection
	GlobalSection(SolutionProperties) = preSolution
		HideSolutionNode = FALSE
	EndGlobalSection
EndGlobal
