
Microsoft Visual Studio Solution File, Format Version 12.00
# Visual Studio 2013
VisualStudioVersion = 12.0.30723.0
MinimumVisualStudioVersion = 10.0.40219.1
Project("{FAE04EC0-301F-11D3-BF4B-00C04F79EFBC}") = "Continents", "Continents\Continents.csproj", "{FA020A2A-DBFE-4680-ABE6-C0807B297542}"
EndProject
Project("{FAE04EC0-301F-11D3-BF4B-00C04F79EFBC}") = "Todos", "Todos\Todos.csproj", "{BD3FF889-60CD-4FA1-9A2B-183C7BE14C93}"
EndProject
Project("{FAE04EC0-301F-11D3-BF4B-00C04F79EFBC}") = "Tweets", "Tweets\Tweets.csproj", "{1B342F45-0F62-4105-A54D-73B096C108BD}"
EndProject
Global
	GlobalSection(SolutionConfigurationPlatforms) = preSolution
		Debug|Any CPU = Debug|Any CPU
		Release|Any CPU = Release|Any CPU
	EndGlobalSection
	GlobalSection(ProjectConfigurationPlatforms) = postSolution
		{FA020A2A-DBFE-4680-ABE6-C0807B297542}.Debug|Any CPU.ActiveCfg = Debug|Any CPU
		{FA020A2A-DBFE-4680-ABE6-C0807B297542}.Debug|Any CPU.Build.0 = Debug|Any CPU
		{FA020A2A-DBFE-4680-ABE6-C0807B297542}.Release|Any CPU.ActiveCfg = Release|Any CPU
		{FA020A2A-DBFE-4680-ABE6-C0807B297542}.Release|Any CPU.Build.0 = Release|Any CPU
		{BD3FF889-60CD-4FA1-9A2B-183C7BE14C93}.Debug|Any CPU.ActiveCfg = Debug|Any CPU
		{BD3FF889-60CD-4FA1-9A2B-183C7BE14C93}.Debug|Any CPU.Build.0 = Debug|Any CPU
		{BD3FF889-60CD-4FA1-9A2B-183C7BE14C93}.Release|Any CPU.ActiveCfg = Release|Any CPU
		{BD3FF889-60CD-4FA1-9A2B-183C7BE14C93}.Release|Any CPU.Build.0 = Release|Any CPU
		{1B342F45-0F62-4105-A54D-73B096C108BD}.Debug|Any CPU.ActiveCfg = Debug|Any CPU
		{1B342F45-0F62-4105-A54D-73B096C108BD}.Debug|Any CPU.Build.0 = Debug|Any CPU
		{1B342F45-0F62-4105-A54D-73B096C108BD}.Release|Any CPU.ActiveCfg = Release|Any CPU
		{1B342F45-0F62-4105-A54D-73B096C108BD}.Release|Any CPU.Build.0 = Release|Any CPU
	EndGlobalSection
	GlobalSection(SolutionProperties) = preSolution
		HideSolutionNode = FALSE
	EndGlobalSection
EndGlobal
