
Microsoft Visual Studio Solution File, Format Version 12.00
# Visual Studio 2013
VisualStudioVersion = 12.0.21005.1
MinimumVisualStudioVersion = 10.0.40219.1
Project("{FAE04EC0-301F-11D3-BF4B-00C04F79EFBC}") = "01. School", "01. School\01. School.csproj", "{8F24C2D3-81A2-4589-8238-CDCEABEFE408}"
EndProject
Project("{FAE04EC0-301F-11D3-BF4B-00C04F79EFBC}") = "02. Human", "02. Human\02. Human.csproj", "{AC409716-F49D-432E-B425-06599E4F3462}"
EndProject
Project("{FAE04EC0-301F-11D3-BF4B-00C04F79EFBC}") = "03. Animals", "03. Animals\03. Animals.csproj", "{D472463A-11EA-4337-892B-FD426D005203}"
EndProject
Global
	GlobalSection(SolutionConfigurationPlatforms) = preSolution
		Debug|Any CPU = Debug|Any CPU
		Release|Any CPU = Release|Any CPU
	EndGlobalSection
	GlobalSection(ProjectConfigurationPlatforms) = postSolution
		{8F24C2D3-81A2-4589-8238-CDCEABEFE408}.Debug|Any CPU.ActiveCfg = Debug|Any CPU
		{8F24C2D3-81A2-4589-8238-CDCEABEFE408}.Debug|Any CPU.Build.0 = Debug|Any CPU
		{8F24C2D3-81A2-4589-8238-CDCEABEFE408}.Release|Any CPU.ActiveCfg = Release|Any CPU
		{8F24C2D3-81A2-4589-8238-CDCEABEFE408}.Release|Any CPU.Build.0 = Release|Any CPU
		{AC409716-F49D-432E-B425-06599E4F3462}.Debug|Any CPU.ActiveCfg = Debug|Any CPU
		{AC409716-F49D-432E-B425-06599E4F3462}.Debug|Any CPU.Build.0 = Debug|Any CPU
		{AC409716-F49D-432E-B425-06599E4F3462}.Release|Any CPU.ActiveCfg = Release|Any CPU
		{AC409716-F49D-432E-B425-06599E4F3462}.Release|Any CPU.Build.0 = Release|Any CPU
		{D472463A-11EA-4337-892B-FD426D005203}.Debug|Any CPU.ActiveCfg = Debug|Any CPU
		{D472463A-11EA-4337-892B-FD426D005203}.Debug|Any CPU.Build.0 = Debug|Any CPU
		{D472463A-11EA-4337-892B-FD426D005203}.Release|Any CPU.ActiveCfg = Release|Any CPU
		{D472463A-11EA-4337-892B-FD426D005203}.Release|Any CPU.Build.0 = Release|Any CPU
	EndGlobalSection
	GlobalSection(SolutionProperties) = preSolution
		HideSolutionNode = FALSE
	EndGlobalSection
EndGlobal
