
Microsoft Visual Studio Solution File, Format Version 12.00
# Visual Studio 2013
VisualStudioVersion = 12.0.21005.1
MinimumVisualStudioVersion = 10.0.40219.1
Project("{FAE04EC0-301F-11D3-BF4B-00C04F79EFBC}") = "01. ExpectedRunTimeTask1", "01. ExpectedRunTimeTask1\01. ExpectedRunTimeTask1.csproj", "{B392A3B5-D03D-4C2E-8A97-6CF586F93F12}"
EndProject
Project("{FAE04EC0-301F-11D3-BF4B-00C04F79EFBC}") = "02. ExpectedRunTimeTask2", "02. ExpectedRunTimeTask2\02. ExpectedRunTimeTask2.csproj", "{E72603A4-5A5F-4AE4-A85A-7E175A4D963A}"
EndProject
Project("{FAE04EC0-301F-11D3-BF4B-00C04F79EFBC}") = "03. ExpectedRunTimeTask3", "03. ExpectedRunTimeTask3\03. ExpectedRunTimeTask3.csproj", "{4948CF24-70C6-4378-BCC7-DC56B6797714}"
EndProject
Global
	GlobalSection(SolutionConfigurationPlatforms) = preSolution
		Debug|Any CPU = Debug|Any CPU
		Release|Any CPU = Release|Any CPU
	EndGlobalSection
	GlobalSection(ProjectConfigurationPlatforms) = postSolution
		{B392A3B5-D03D-4C2E-8A97-6CF586F93F12}.Debug|Any CPU.ActiveCfg = Debug|Any CPU
		{B392A3B5-D03D-4C2E-8A97-6CF586F93F12}.Debug|Any CPU.Build.0 = Debug|Any CPU
		{B392A3B5-D03D-4C2E-8A97-6CF586F93F12}.Release|Any CPU.ActiveCfg = Release|Any CPU
		{B392A3B5-D03D-4C2E-8A97-6CF586F93F12}.Release|Any CPU.Build.0 = Release|Any CPU
		{E72603A4-5A5F-4AE4-A85A-7E175A4D963A}.Debug|Any CPU.ActiveCfg = Debug|Any CPU
		{E72603A4-5A5F-4AE4-A85A-7E175A4D963A}.Debug|Any CPU.Build.0 = Debug|Any CPU
		{E72603A4-5A5F-4AE4-A85A-7E175A4D963A}.Release|Any CPU.ActiveCfg = Release|Any CPU
		{E72603A4-5A5F-4AE4-A85A-7E175A4D963A}.Release|Any CPU.Build.0 = Release|Any CPU
		{4948CF24-70C6-4378-BCC7-DC56B6797714}.Debug|Any CPU.ActiveCfg = Debug|Any CPU
		{4948CF24-70C6-4378-BCC7-DC56B6797714}.Debug|Any CPU.Build.0 = Debug|Any CPU
		{4948CF24-70C6-4378-BCC7-DC56B6797714}.Release|Any CPU.ActiveCfg = Release|Any CPU
		{4948CF24-70C6-4378-BCC7-DC56B6797714}.Release|Any CPU.Build.0 = Release|Any CPU
	EndGlobalSection
	GlobalSection(SolutionProperties) = preSolution
		HideSolutionNode = FALSE
	EndGlobalSection
EndGlobal
