
Microsoft Visual Studio Solution File, Format Version 12.00
# Visual Studio 2013
VisualStudioVersion = 12.0.30626.0
MinimumVisualStudioVersion = 10.0.40219.1
Project("{FAE04EC0-301F-11D3-BF4B-00C04F79EFBC}") = "Company.Data", "Company.Data\Company.Data.csproj", "{0EF701A6-F12C-4DC7-84D1-6BCC58BE23D2}"
EndProject
Project("{FAE04EC0-301F-11D3-BF4B-00C04F79EFBC}") = "Company.SampleDataGenerator", "Company.SampleDataGenerator\Company.SampleDataGenerator.csproj", "{43701984-9D7F-4476-A123-9E8F151DE5A0}"
EndProject
Global
	GlobalSection(SolutionConfigurationPlatforms) = preSolution
		Debug|Any CPU = Debug|Any CPU
		Release|Any CPU = Release|Any CPU
	EndGlobalSection
	GlobalSection(ProjectConfigurationPlatforms) = postSolution
		{0EF701A6-F12C-4DC7-84D1-6BCC58BE23D2}.Debug|Any CPU.ActiveCfg = Debug|Any CPU
		{0EF701A6-F12C-4DC7-84D1-6BCC58BE23D2}.Debug|Any CPU.Build.0 = Debug|Any CPU
		{0EF701A6-F12C-4DC7-84D1-6BCC58BE23D2}.Release|Any CPU.ActiveCfg = Release|Any CPU
		{0EF701A6-F12C-4DC7-84D1-6BCC58BE23D2}.Release|Any CPU.Build.0 = Release|Any CPU
		{43701984-9D7F-4476-A123-9E8F151DE5A0}.Debug|Any CPU.ActiveCfg = Debug|Any CPU
		{43701984-9D7F-4476-A123-9E8F151DE5A0}.Debug|Any CPU.Build.0 = Debug|Any CPU
		{43701984-9D7F-4476-A123-9E8F151DE5A0}.Release|Any CPU.ActiveCfg = Release|Any CPU
		{43701984-9D7F-4476-A123-9E8F151DE5A0}.Release|Any CPU.Build.0 = Release|Any CPU
	EndGlobalSection
	GlobalSection(SolutionProperties) = preSolution
		HideSolutionNode = FALSE
	EndGlobalSection
EndGlobal
