
Microsoft Visual Studio Solution File, Format Version 12.00
# Visual Studio 2012
Project("{FAE04EC0-301F-11D3-BF4B-00C04F79EFBC}") = "Carpets", "ConsoleApplication2\Carpets.csproj", "{EFA2296C-4117-4561-BE99-7EE75AFC028F}"
EndProject
Global
	GlobalSection(SolutionConfigurationPlatforms) = preSolution
		Debug|Any CPU = Debug|Any CPU
		Release|Any CPU = Release|Any CPU
	EndGlobalSection
	GlobalSection(ProjectConfigurationPlatforms) = postSolution
		{EFA2296C-4117-4561-BE99-7EE75AFC028F}.Debug|Any CPU.ActiveCfg = Debug|Any CPU
		{EFA2296C-4117-4561-BE99-7EE75AFC028F}.Debug|Any CPU.Build.0 = Debug|Any CPU
		{EFA2296C-4117-4561-BE99-7EE75AFC028F}.Release|Any CPU.ActiveCfg = Release|Any CPU
		{EFA2296C-4117-4561-BE99-7EE75AFC028F}.Release|Any CPU.Build.0 = Release|Any CPU
	EndGlobalSection
	GlobalSection(SolutionProperties) = preSolution
		HideSolutionNode = FALSE
	EndGlobalSection
EndGlobal
