
Microsoft Visual Studio Solution File, Format Version 12.00
# Visual Studio 2013
VisualStudioVersion = 12.0.21005.1
MinimumVisualStudioVersion = 10.0.40219.1
Project("{FAE04EC0-301F-11D3-BF4B-00C04F79EFBC}") = "Task1", "Task1\Task1.csproj", "{A7850177-941C-4E20-A056-CB503F2FC0DD}"
EndProject
Project("{FAE04EC0-301F-11D3-BF4B-00C04F79EFBC}") = "Task2", "Task2\Task2.csproj", "{2DDB751A-A2E2-48AD-BCB9-5F3EF4FB627D}"
EndProject
Project("{FAE04EC0-301F-11D3-BF4B-00C04F79EFBC}") = "Task3", "Task3\Task3.csproj", "{64E4508F-567F-481A-92BA-8D7EC17BB862}"
EndProject
Project("{FAE04EC0-301F-11D3-BF4B-00C04F79EFBC}") = "Task4", "Task4\Task4.csproj", "{B16483F9-087F-4360-B482-930939AB91A5}"
EndProject
Project("{FAE04EC0-301F-11D3-BF4B-00C04F79EFBC}") = "Task5", "Task5\Task5.csproj", "{FD50A66C-8B18-46DD-BDD0-8A38D313E47A}"
EndProject
Project("{FAE04EC0-301F-11D3-BF4B-00C04F79EFBC}") = "FridayTask5", "FridayTask5\FridayTask5.csproj", "{E0F27599-3944-44CF-BA72-2A51168A5AE6}"
EndProject
Global
	GlobalSection(SolutionConfigurationPlatforms) = preSolution
		Debug|Any CPU = Debug|Any CPU
		Release|Any CPU = Release|Any CPU
	EndGlobalSection
	GlobalSection(ProjectConfigurationPlatforms) = postSolution
		{A7850177-941C-4E20-A056-CB503F2FC0DD}.Debug|Any CPU.ActiveCfg = Debug|Any CPU
		{A7850177-941C-4E20-A056-CB503F2FC0DD}.Debug|Any CPU.Build.0 = Debug|Any CPU
		{A7850177-941C-4E20-A056-CB503F2FC0DD}.Release|Any CPU.ActiveCfg = Release|Any CPU
		{A7850177-941C-4E20-A056-CB503F2FC0DD}.Release|Any CPU.Build.0 = Release|Any CPU
		{2DDB751A-A2E2-48AD-BCB9-5F3EF4FB627D}.Debug|Any CPU.ActiveCfg = Debug|Any CPU
		{2DDB751A-A2E2-48AD-BCB9-5F3EF4FB627D}.Debug|Any CPU.Build.0 = Debug|Any CPU
		{2DDB751A-A2E2-48AD-BCB9-5F3EF4FB627D}.Release|Any CPU.ActiveCfg = Release|Any CPU
		{2DDB751A-A2E2-48AD-BCB9-5F3EF4FB627D}.Release|Any CPU.Build.0 = Release|Any CPU
		{64E4508F-567F-481A-92BA-8D7EC17BB862}.Debug|Any CPU.ActiveCfg = Debug|Any CPU
		{64E4508F-567F-481A-92BA-8D7EC17BB862}.Debug|Any CPU.Build.0 = Debug|Any CPU
		{64E4508F-567F-481A-92BA-8D7EC17BB862}.Release|Any CPU.ActiveCfg = Release|Any CPU
		{64E4508F-567F-481A-92BA-8D7EC17BB862}.Release|Any CPU.Build.0 = Release|Any CPU
		{B16483F9-087F-4360-B482-930939AB91A5}.Debug|Any CPU.ActiveCfg = Debug|Any CPU
		{B16483F9-087F-4360-B482-930939AB91A5}.Debug|Any CPU.Build.0 = Debug|Any CPU
		{B16483F9-087F-4360-B482-930939AB91A5}.Release|Any CPU.ActiveCfg = Release|Any CPU
		{B16483F9-087F-4360-B482-930939AB91A5}.Release|Any CPU.Build.0 = Release|Any CPU
		{FD50A66C-8B18-46DD-BDD0-8A38D313E47A}.Debug|Any CPU.ActiveCfg = Debug|Any CPU
		{FD50A66C-8B18-46DD-BDD0-8A38D313E47A}.Debug|Any CPU.Build.0 = Debug|Any CPU
		{FD50A66C-8B18-46DD-BDD0-8A38D313E47A}.Release|Any CPU.ActiveCfg = Release|Any CPU
		{FD50A66C-8B18-46DD-BDD0-8A38D313E47A}.Release|Any CPU.Build.0 = Release|Any CPU
		{E0F27599-3944-44CF-BA72-2A51168A5AE6}.Debug|Any CPU.ActiveCfg = Debug|Any CPU
		{E0F27599-3944-44CF-BA72-2A51168A5AE6}.Debug|Any CPU.Build.0 = Debug|Any CPU
		{E0F27599-3944-44CF-BA72-2A51168A5AE6}.Release|Any CPU.ActiveCfg = Release|Any CPU
		{E0F27599-3944-44CF-BA72-2A51168A5AE6}.Release|Any CPU.Build.0 = Release|Any CPU
	EndGlobalSection
	GlobalSection(SolutionProperties) = preSolution
		HideSolutionNode = FALSE
	EndGlobalSection
EndGlobal
