
Microsoft Visual Studio Solution File, Format Version 12.00
# Visual Studio 2013
VisualStudioVersion = 12.0.30501.0
MinimumVisualStudioVersion = 10.0.40219.1
Project("{2150E333-8FDC-42A3-9474-1A3956D46DE8}") = "Task 3", "Task 3", "{A01747A7-0D88-48B4-B413-27921EB83F40}"
	ProjectSection(SolutionItems) = preProject
		GitHubProjectLink.txt = GitHubProjectLink.txt
	EndProjectSection
EndProject
Project("{FAE04EC0-301F-11D3-BF4B-00C04F79EFBC}") = "Log4Net", "Log4Net\Log4Net.csproj", "{ABBDEE5E-938E-4D5F-A0BC-831B76B93336}"
EndProject
Project("{2150E333-8FDC-42A3-9474-1A3956D46DE8}") = "Task 2", "Task 2", "{7521BE57-A556-487C-BB83-D25CEFB0818F}"
EndProject
Project("{2150E333-8FDC-42A3-9474-1A3956D46DE8}") = "Task 1", "Task 1", "{4B59F23E-B638-4576-B957-5A9AAA02CF8C}"
EndProject
Project("{FAE04EC0-301F-11D3-BF4B-00C04F79EFBC}") = "TextTemplate", "TextTemplate\TextTemplate.csproj", "{72C578CE-B773-4CB3-9514-36D473A6AD30}"
EndProject
Global
	GlobalSection(SolutionConfigurationPlatforms) = preSolution
		Debug|Any CPU = Debug|Any CPU
		Release|Any CPU = Release|Any CPU
	EndGlobalSection
	GlobalSection(ProjectConfigurationPlatforms) = postSolution
		{ABBDEE5E-938E-4D5F-A0BC-831B76B93336}.Debug|Any CPU.ActiveCfg = Debug|Any CPU
		{ABBDEE5E-938E-4D5F-A0BC-831B76B93336}.Debug|Any CPU.Build.0 = Debug|Any CPU
		{ABBDEE5E-938E-4D5F-A0BC-831B76B93336}.Release|Any CPU.ActiveCfg = Release|Any CPU
		{ABBDEE5E-938E-4D5F-A0BC-831B76B93336}.Release|Any CPU.Build.0 = Release|Any CPU
		{72C578CE-B773-4CB3-9514-36D473A6AD30}.Debug|Any CPU.ActiveCfg = Debug|Any CPU
		{72C578CE-B773-4CB3-9514-36D473A6AD30}.Debug|Any CPU.Build.0 = Debug|Any CPU
		{72C578CE-B773-4CB3-9514-36D473A6AD30}.Release|Any CPU.ActiveCfg = Release|Any CPU
		{72C578CE-B773-4CB3-9514-36D473A6AD30}.Release|Any CPU.Build.0 = Release|Any CPU
	EndGlobalSection
	GlobalSection(SolutionProperties) = preSolution
		HideSolutionNode = FALSE
	EndGlobalSection
	GlobalSection(NestedProjects) = preSolution
		{ABBDEE5E-938E-4D5F-A0BC-831B76B93336} = {4B59F23E-B638-4576-B957-5A9AAA02CF8C}
		{72C578CE-B773-4CB3-9514-36D473A6AD30} = {7521BE57-A556-487C-BB83-D25CEFB0818F}
	EndGlobalSection
EndGlobal
